{
  "version": 4,
  "terraform_version": "1.14.0",
  "serial": 92,
  "lineage": "7be3b6c3-8758-ed88-c8d3-87adfb129f5c",
  "outputs": {
    "consul_client_ip": {
      "value": "62.84.114.1",
      "type": "string"
    },
    "consul_client_private_ip": {
      "value": "10.20.0.14",
      "type": "string"
    },
    "consul_servers_ips": {
      "value": [
        "51.250.1.88",
        "51.250.95.217",
        "46.21.246.91"
      ],
      "type": [
        "tuple",
        [
          "string",
          "string",
          "string"
        ]
      ]
    },
    "consul_servers_private_ips": {
      "value": [
        "10.20.0.12",
        "10.20.0.25",
        "10.20.0.23"
      ],
      "type": [
        "tuple",
        [
          "string",
          "string",
          "string"
        ]
      ]
    },
    "opensearch_ips": {
      "value": [
        "62.84.117.35"
      ],
      "type": [
        "tuple",
        [
          "string"
        ]
      ]
    },
    "opensearch_private_ips": {
      "value": [
        "10.20.0.28"
      ],
      "type": [
        "tuple",
        [
          "string"
        ]
      ]
    },
    "web_servers_ips": {
      "value": [
        "51.250.7.12",
        "84.201.129.218",
        "89.169.129.29"
      ],
      "type": [
        "tuple",
        [
          "string",
          "string",
          "string"
        ]
      ]
    },
    "web_servers_private_ips": {
      "value": [
        "10.20.0.3",
        "10.20.0.38",
        "10.20.0.29"
      ],
      "type": [
        "tuple",
        [
          "string",
          "string",
          "string"
        ]
      ]
    }
  },
  "resources": [
    {
      "mode": "managed",
      "type": "yandex_compute_instance",
      "name": "consul_client",
      "provider": "provider[\"registry.terraform.io/yandex-cloud/yandex\"]",
      "instances": [
        {
          "index_key": 0,
          "schema_version": 1,
          "attributes": {
            "allow_recreate": null,
            "allow_stopping_for_update": null,
            "boot_disk": [
              {
                "auto_delete": true,
                "device_name": "fhmem6r190ka5gfdke0d",
                "disk_id": "fhmem6r190ka5gfdke0d",
                "initialize_params": [
                  {
                    "block_size": 4096,
                    "description": "",
                    "image_id": "fd80bm0rh4rkepi5ksdi",
                    "kms_key_id": "",
                    "name": "",
                    "size": 10,
                    "snapshot_id": "",
                    "type": "network-ssd"
                  }
                ],
                "mode": "READ_WRITE"
              }
            ],
            "created_at": "2025-10-28T21:23:55Z",
            "description": "",
            "filesystem": [],
            "folder_id": "b1gr66gumfmr5ua86ol9",
            "fqdn": "fhmqv47qdo4m4bs4eb4n.auto.internal",
            "gpu_cluster_id": "",
            "hardware_generation": [
              {
                "generation2_features": [],
                "legacy_features": [
                  {
                    "pci_topology": "PCI_TOPOLOGY_V1"
                  }
                ]
              }
            ],
            "hostname": "",
            "id": "fhmqv47qdo4m4bs4eb4n",
            "labels": {
              "consul_type": "client",
              "project": "saleor-pg-ha",
              "role": "consul-client"
            },
            "local_disk": [],
            "maintenance_grace_period": "",
            "maintenance_policy": null,
            "metadata": {
              "ssh-keys": "ubuntu:ssh-ed25519 AAAAC3NzaC1lZDI1NTE5AAAAIB3Mca7fZDWxo7xEE9fG8rOYcNd4CzkEiniV2zsCxtEy sedunovsv@N0005",
              "ssh_public_key": "ssh-ed25519 AAAAC3NzaC1lZDI1NTE5AAAAIB3Mca7fZDWxo7xEE9fG8rOYcNd4CzkEiniV2zsCxtEy sedunovsv@N0005"
            },
            "metadata_options": [
              {
                "aws_v1_http_endpoint": 1,
                "aws_v1_http_token": 2,
                "gce_http_endpoint": 1,
                "gce_http_token": 1
              }
            ],
            "name": "consul-client-1",
            "network_acceleration_type": "standard",
            "network_interface": [
              {
                "dns_record": [],
                "index": 0,
                "ip_address": "10.20.0.14",
                "ipv4": true,
                "ipv6": false,
                "ipv6_address": "",
                "ipv6_dns_record": [],
                "mac_address": "d0:0d:1a:f9:0f:a6",
                "nat": true,
                "nat_dns_record": [],
                "nat_ip_address": "62.84.114.1",
                "nat_ip_version": "IPV4",
                "security_group_ids": [
                  "enpb48ckpv01bb14lmm2"
                ],
                "subnet_id": "e9bvvhhfuf6ss71113oe"
              }
            ],
            "placement_policy": [
              {
                "host_affinity_rules": [],
                "placement_group_id": "",
                "placement_group_partition": 0
              }
            ],
            "platform_id": "standard-v3",
            "resources": [
              {
                "core_fraction": 100,
                "cores": 2,
                "gpus": 0,
                "memory": 4
              }
            ],
            "scheduling_policy": [
              {
                "preemptible": false
              }
            ],
            "secondary_disk": [],
            "service_account_id": "",
            "status": "running",
            "timeouts": null,
            "zone": "ru-central1-a"
          },
          "sensitive_attributes": [],
          "identity_schema_version": 0,
          "private": "eyJlMmJmYjczMC1lY2FhLTExZTYtOGY4OC0zNDM2M2JjN2M0YzAiOnsiY3JlYXRlIjozMDAwMDAwMDAwMDAsImRlbGV0ZSI6MzAwMDAwMDAwMDAwLCJ1cGRhdGUiOjMwMDAwMDAwMDAwMH0sInNjaGVtYV92ZXJzaW9uIjoiMSJ9",
          "dependencies": [
            "yandex_vpc_network.net",
            "yandex_vpc_security_group.sg",
            "yandex_vpc_subnet.subnet"
          ]
        }
      ]
    },
    {
      "mode": "managed",
      "type": "yandex_compute_instance",
      "name": "consul_server",
      "provider": "provider[\"registry.terraform.io/yandex-cloud/yandex\"]",
      "instances": [
        {
          "index_key": 0,
          "schema_version": 1,
          "attributes": {
            "allow_recreate": null,
            "allow_stopping_for_update": null,
            "boot_disk": [
              {
                "auto_delete": true,
                "device_name": "fhmcpret0najmr4pq963",
                "disk_id": "fhmcpret0najmr4pq963",
                "initialize_params": [
                  {
                    "block_size": 4096,
                    "description": "",
                    "image_id": "fd80bm0rh4rkepi5ksdi",
                    "kms_key_id": "",
                    "name": "",
                    "size": 10,
                    "snapshot_id": "",
                    "type": "network-ssd"
                  }
                ],
                "mode": "READ_WRITE"
              }
            ],
            "created_at": "2025-10-28T21:23:55Z",
            "description": "",
            "filesystem": [],
            "folder_id": "b1gr66gumfmr5ua86ol9",
            "fqdn": "fhm9tes786qrdvf53h3b.auto.internal",
            "gpu_cluster_id": "",
            "hardware_generation": [
              {
                "generation2_features": [],
                "legacy_features": [
                  {
                    "pci_topology": "PCI_TOPOLOGY_V1"
                  }
                ]
              }
            ],
            "hostname": "",
            "id": "fhm9tes786qrdvf53h3b",
            "labels": {
              "consul_type": "server",
              "project": "saleor-pg-ha",
              "role": "consul-server"
            },
            "local_disk": [],
            "maintenance_grace_period": "",
            "maintenance_policy": null,
            "metadata": {
              "ssh-keys": "ubuntu:ssh-ed25519 AAAAC3NzaC1lZDI1NTE5AAAAIB3Mca7fZDWxo7xEE9fG8rOYcNd4CzkEiniV2zsCxtEy sedunovsv@N0005",
              "ssh_public_key": "ssh-ed25519 AAAAC3NzaC1lZDI1NTE5AAAAIB3Mca7fZDWxo7xEE9fG8rOYcNd4CzkEiniV2zsCxtEy sedunovsv@N0005"
            },
            "metadata_options": [
              {
                "aws_v1_http_endpoint": 1,
                "aws_v1_http_token": 2,
                "gce_http_endpoint": 1,
                "gce_http_token": 1
              }
            ],
            "name": "consul-server-1",
            "network_acceleration_type": "standard",
            "network_interface": [
              {
                "dns_record": [],
                "index": 0,
                "ip_address": "10.20.0.12",
                "ipv4": true,
                "ipv6": false,
                "ipv6_address": "",
                "ipv6_dns_record": [],
                "mac_address": "d0:0d:9e:bb:87:41",
                "nat": true,
                "nat_dns_record": [],
                "nat_ip_address": "51.250.1.88",
                "nat_ip_version": "IPV4",
                "security_group_ids": [
                  "enpb48ckpv01bb14lmm2"
                ],
                "subnet_id": "e9bvvhhfuf6ss71113oe"
              }
            ],
            "placement_policy": [
              {
                "host_affinity_rules": [],
                "placement_group_id": "",
                "placement_group_partition": 0
              }
            ],
            "platform_id": "standard-v3",
            "resources": [
              {
                "core_fraction": 100,
                "cores": 2,
                "gpus": 0,
                "memory": 4
              }
            ],
            "scheduling_policy": [
              {
                "preemptible": false
              }
            ],
            "secondary_disk": [],
            "service_account_id": "",
            "status": "running",
            "timeouts": null,
            "zone": "ru-central1-a"
          },
          "sensitive_attributes": [],
          "identity_schema_version": 0,
          "private": "eyJlMmJmYjczMC1lY2FhLTExZTYtOGY4OC0zNDM2M2JjN2M0YzAiOnsiY3JlYXRlIjozMDAwMDAwMDAwMDAsImRlbGV0ZSI6MzAwMDAwMDAwMDAwLCJ1cGRhdGUiOjMwMDAwMDAwMDAwMH0sInNjaGVtYV92ZXJzaW9uIjoiMSJ9",
          "dependencies": [
            "yandex_vpc_network.net",
            "yandex_vpc_security_group.sg",
            "yandex_vpc_subnet.subnet"
          ]
        },
        {
          "index_key": 1,
          "schema_version": 1,
          "attributes": {
            "allow_recreate": null,
            "allow_stopping_for_update": null,
            "boot_disk": [
              {
                "auto_delete": true,
                "device_name": "fhm0re8ht5tn4bbq3g2t",
                "disk_id": "fhm0re8ht5tn4bbq3g2t",
                "initialize_params": [
                  {
                    "block_size": 4096,
                    "description": "",
                    "image_id": "fd80bm0rh4rkepi5ksdi",
                    "kms_key_id": "",
                    "name": "",
                    "size": 10,
                    "snapshot_id": "",
                    "type": "network-ssd"
                  }
                ],
                "mode": "READ_WRITE"
              }
            ],
            "created_at": "2025-10-28T21:23:55Z",
            "description": "",
            "filesystem": [],
            "folder_id": "b1gr66gumfmr5ua86ol9",
            "fqdn": "fhminostr18vhk767vns.auto.internal",
            "gpu_cluster_id": "",
            "hardware_generation": [
              {
                "generation2_features": [],
                "legacy_features": [
                  {
                    "pci_topology": "PCI_TOPOLOGY_V1"
                  }
                ]
              }
            ],
            "hostname": "",
            "id": "fhminostr18vhk767vns",
            "labels": {
              "consul_type": "server",
              "project": "saleor-pg-ha",
              "role": "consul-server"
            },
            "local_disk": [],
            "maintenance_grace_period": "",
            "maintenance_policy": null,
            "metadata": {
              "ssh-keys": "ubuntu:ssh-ed25519 AAAAC3NzaC1lZDI1NTE5AAAAIB3Mca7fZDWxo7xEE9fG8rOYcNd4CzkEiniV2zsCxtEy sedunovsv@N0005",
              "ssh_public_key": "ssh-ed25519 AAAAC3NzaC1lZDI1NTE5AAAAIB3Mca7fZDWxo7xEE9fG8rOYcNd4CzkEiniV2zsCxtEy sedunovsv@N0005"
            },
            "metadata_options": [
              {
                "aws_v1_http_endpoint": 1,
                "aws_v1_http_token": 2,
                "gce_http_endpoint": 1,
                "gce_http_token": 1
              }
            ],
            "name": "consul-server-2",
            "network_acceleration_type": "standard",
            "network_interface": [
              {
                "dns_record": [],
                "index": 0,
                "ip_address": "10.20.0.25",
                "ipv4": true,
                "ipv6": false,
                "ipv6_address": "",
                "ipv6_dns_record": [],
                "mac_address": "d0:0d:12:be:39:dd",
                "nat": true,
                "nat_dns_record": [],
                "nat_ip_address": "51.250.95.217",
                "nat_ip_version": "IPV4",
                "security_group_ids": [
                  "enpb48ckpv01bb14lmm2"
                ],
                "subnet_id": "e9bvvhhfuf6ss71113oe"
              }
            ],
            "placement_policy": [
              {
                "host_affinity_rules": [],
                "placement_group_id": "",
                "placement_group_partition": 0
              }
            ],
            "platform_id": "standard-v3",
            "resources": [
              {
                "core_fraction": 100,
                "cores": 2,
                "gpus": 0,
                "memory": 4
              }
            ],
            "scheduling_policy": [
              {
                "preemptible": false
              }
            ],
            "secondary_disk": [],
            "service_account_id": "",
            "status": "running",
            "timeouts": null,
            "zone": "ru-central1-a"
          },
          "sensitive_attributes": [],
          "identity_schema_version": 0,
          "private": "eyJlMmJmYjczMC1lY2FhLTExZTYtOGY4OC0zNDM2M2JjN2M0YzAiOnsiY3JlYXRlIjozMDAwMDAwMDAwMDAsImRlbGV0ZSI6MzAwMDAwMDAwMDAwLCJ1cGRhdGUiOjMwMDAwMDAwMDAwMH0sInNjaGVtYV92ZXJzaW9uIjoiMSJ9",
          "dependencies": [
            "yandex_vpc_network.net",
            "yandex_vpc_security_group.sg",
            "yandex_vpc_subnet.subnet"
          ]
        },
        {
          "index_key": 2,
          "schema_version": 1,
          "attributes": {
            "allow_recreate": null,
            "allow_stopping_for_update": null,
            "boot_disk": [
              {
                "auto_delete": true,
                "device_name": "fhmrunb22ldpbdo1nsqv",
                "disk_id": "fhmrunb22ldpbdo1nsqv",
                "initialize_params": [
                  {
                    "block_size": 4096,
                    "description": "",
                    "image_id": "fd80bm0rh4rkepi5ksdi",
                    "kms_key_id": "",
                    "name": "",
                    "size": 10,
                    "snapshot_id": "",
                    "type": "network-ssd"
                  }
                ],
                "mode": "READ_WRITE"
              }
            ],
            "created_at": "2025-10-28T21:23:55Z",
            "description": "",
            "filesystem": [],
            "folder_id": "b1gr66gumfmr5ua86ol9",
            "fqdn": "fhmkhmpuf5gt4buh1is2.auto.internal",
            "gpu_cluster_id": "",
            "hardware_generation": [
              {
                "generation2_features": [],
                "legacy_features": [
                  {
                    "pci_topology": "PCI_TOPOLOGY_V1"
                  }
                ]
              }
            ],
            "hostname": "",
            "id": "fhmkhmpuf5gt4buh1is2",
            "labels": {
              "consul_type": "server",
              "project": "saleor-pg-ha",
              "role": "consul-server"
            },
            "local_disk": [],
            "maintenance_grace_period": "",
            "maintenance_policy": null,
            "metadata": {
              "ssh-keys": "ubuntu:ssh-ed25519 AAAAC3NzaC1lZDI1NTE5AAAAIB3Mca7fZDWxo7xEE9fG8rOYcNd4CzkEiniV2zsCxtEy sedunovsv@N0005",
              "ssh_public_key": "ssh-ed25519 AAAAC3NzaC1lZDI1NTE5AAAAIB3Mca7fZDWxo7xEE9fG8rOYcNd4CzkEiniV2zsCxtEy sedunovsv@N0005"
            },
            "metadata_options": [
              {
                "aws_v1_http_endpoint": 1,
                "aws_v1_http_token": 2,
                "gce_http_endpoint": 1,
                "gce_http_token": 1
              }
            ],
            "name": "consul-server-3",
            "network_acceleration_type": "standard",
            "network_interface": [
              {
                "dns_record": [],
                "index": 0,
                "ip_address": "10.20.0.23",
                "ipv4": true,
                "ipv6": false,
                "ipv6_address": "",
                "ipv6_dns_record": [],
                "mac_address": "d0:0d:14:8d:b3:e7",
                "nat": true,
                "nat_dns_record": [],
                "nat_ip_address": "46.21.246.91",
                "nat_ip_version": "IPV4",
                "security_group_ids": [
                  "enpb48ckpv01bb14lmm2"
                ],
                "subnet_id": "e9bvvhhfuf6ss71113oe"
              }
            ],
            "placement_policy": [
              {
                "host_affinity_rules": [],
                "placement_group_id": "",
                "placement_group_partition": 0
              }
            ],
            "platform_id": "standard-v3",
            "resources": [
              {
                "core_fraction": 100,
                "cores": 2,
                "gpus": 0,
                "memory": 4
              }
            ],
            "scheduling_policy": [
              {
                "preemptible": false
              }
            ],
            "secondary_disk": [],
            "service_account_id": "",
            "status": "running",
            "timeouts": null,
            "zone": "ru-central1-a"
          },
          "sensitive_attributes": [],
          "identity_schema_version": 0,
          "private": "eyJlMmJmYjczMC1lY2FhLTExZTYtOGY4OC0zNDM2M2JjN2M0YzAiOnsiY3JlYXRlIjozMDAwMDAwMDAwMDAsImRlbGV0ZSI6MzAwMDAwMDAwMDAwLCJ1cGRhdGUiOjMwMDAwMDAwMDAwMH0sInNjaGVtYV92ZXJzaW9uIjoiMSJ9",
          "dependencies": [
            "yandex_vpc_network.net",
            "yandex_vpc_security_group.sg",
            "yandex_vpc_subnet.subnet"
          ]
        }
      ]
    },
    {
      "mode": "managed",
      "type": "yandex_compute_instance",
      "name": "opensearch",
      "provider": "provider[\"registry.terraform.io/yandex-cloud/yandex\"]",
      "instances": [
        {
          "index_key": 0,
          "schema_version": 1,
          "attributes": {
            "allow_recreate": null,
            "allow_stopping_for_update": null,
            "boot_disk": [
              {
                "auto_delete": true,
                "device_name": "fhmo58pvl9cnm69f5iu6",
                "disk_id": "fhmo58pvl9cnm69f5iu6",
                "initialize_params": [
                  {
                    "block_size": 4096,
                    "description": "",
                    "image_id": "fd80bm0rh4rkepi5ksdi",
                    "kms_key_id": "",
                    "name": "",
                    "size": 30,
                    "snapshot_id": "",
                    "type": "network-ssd"
                  }
                ],
                "mode": "READ_WRITE"
              }
            ],
            "created_at": "2025-10-28T21:57:44Z",
            "description": "",
            "filesystem": [],
            "folder_id": "b1gr66gumfmr5ua86ol9",
            "fqdn": "fhm1qmgd750q7jgrdda8.auto.internal",
            "gpu_cluster_id": "",
            "hardware_generation": [
              {
                "generation2_features": [],
                "legacy_features": [
                  {
                    "pci_topology": "PCI_TOPOLOGY_V1"
                  }
                ]
              }
            ],
            "hostname": "",
            "id": "fhm1qmgd750q7jgrdda8",
            "labels": {
              "project": "saleor-pg-ha",
              "role": "opensearch"
            },
            "local_disk": [],
            "maintenance_grace_period": "",
            "maintenance_policy": null,
            "metadata": {
              "ssh-keys": "ubuntu:ssh-ed25519 AAAAC3NzaC1lZDI1NTE5AAAAIB3Mca7fZDWxo7xEE9fG8rOYcNd4CzkEiniV2zsCxtEy sedunovsv@N0005",
              "ssh_public_key": "ssh-ed25519 AAAAC3NzaC1lZDI1NTE5AAAAIB3Mca7fZDWxo7xEE9fG8rOYcNd4CzkEiniV2zsCxtEy sedunovsv@N0005"
            },
            "metadata_options": [
              {
                "aws_v1_http_endpoint": 1,
                "aws_v1_http_token": 2,
                "gce_http_endpoint": 1,
                "gce_http_token": 1
              }
            ],
            "name": "opensearch-1",
            "network_acceleration_type": "standard",
            "network_interface": [
              {
                "dns_record": [],
                "index": 0,
                "ip_address": "10.20.0.28",
                "ipv4": true,
                "ipv6": false,
                "ipv6_address": "",
                "ipv6_dns_record": [],
                "mac_address": "d0:0d:1d:5a:0d:39",
                "nat": true,
                "nat_dns_record": [],
                "nat_ip_address": "62.84.117.35",
                "nat_ip_version": "IPV4",
                "security_group_ids": [
                  "enpb48ckpv01bb14lmm2"
                ],
                "subnet_id": "e9bvvhhfuf6ss71113oe"
              }
            ],
            "placement_policy": [
              {
                "host_affinity_rules": [],
                "placement_group_id": "",
                "placement_group_partition": 0
              }
            ],
            "platform_id": "standard-v3",
            "resources": [
              {
                "core_fraction": 100,
                "cores": 4,
                "gpus": 0,
                "memory": 8
              }
            ],
            "scheduling_policy": [
              {
                "preemptible": false
              }
            ],
            "secondary_disk": [],
            "service_account_id": "",
            "status": "running",
            "timeouts": null,
            "zone": "ru-central1-a"
          },
          "sensitive_attributes": [],
          "identity_schema_version": 0,
          "private": "eyJlMmJmYjczMC1lY2FhLTExZTYtOGY4OC0zNDM2M2JjN2M0YzAiOnsiY3JlYXRlIjozMDAwMDAwMDAwMDAsImRlbGV0ZSI6MzAwMDAwMDAwMDAwLCJ1cGRhdGUiOjMwMDAwMDAwMDAwMH0sInNjaGVtYV92ZXJzaW9uIjoiMSJ9",
          "dependencies": [
            "yandex_vpc_network.net",
            "yandex_vpc_security_group.sg",
            "yandex_vpc_subnet.subnet"
          ]
        }
      ]
    },
    {
      "mode": "managed",
      "type": "yandex_compute_instance",
      "name": "web",
      "provider": "provider[\"registry.terraform.io/yandex-cloud/yandex\"]",
      "instances": [
        {
          "index_key": 0,
          "schema_version": 1,
          "attributes": {
            "allow_recreate": null,
            "allow_stopping_for_update": null,
            "boot_disk": [
              {
                "auto_delete": true,
                "device_name": "fhmoso9q8p7u7q517e6l",
                "disk_id": "fhmoso9q8p7u7q517e6l",
                "initialize_params": [
                  {
                    "block_size": 4096,
                    "description": "",
                    "image_id": "fd80bm0rh4rkepi5ksdi",
                    "kms_key_id": "",
                    "name": "",
                    "size": 10,
                    "snapshot_id": "",
                    "type": "network-ssd"
                  }
                ],
                "mode": "READ_WRITE"
              }
            ],
            "created_at": "2025-10-28T21:23:55Z",
            "description": "",
            "filesystem": [],
            "folder_id": "b1gr66gumfmr5ua86ol9",
            "fqdn": "fhmrlnlbdk9c8tqp8p26.auto.internal",
            "gpu_cluster_id": "",
            "hardware_generation": [
              {
                "generation2_features": [],
                "legacy_features": [
                  {
                    "pci_topology": "PCI_TOPOLOGY_V1"
                  }
                ]
              }
            ],
            "hostname": "",
            "id": "fhmrlnlbdk9c8tqp8p26",
            "labels": {
              "project": "saleor-pg-ha",
              "role": "web"
            },
            "local_disk": [],
            "maintenance_grace_period": "",
            "maintenance_policy": null,
            "metadata": {
              "server_id": "web-1",
              "ssh-keys": "ubuntu:ssh-ed25519 AAAAC3NzaC1lZDI1NTE5AAAAIB3Mca7fZDWxo7xEE9fG8rOYcNd4CzkEiniV2zsCxtEy sedunovsv@N0005",
              "ssh_public_key": "ssh-ed25519 AAAAC3NzaC1lZDI1NTE5AAAAIB3Mca7fZDWxo7xEE9fG8rOYcNd4CzkEiniV2zsCxtEy sedunovsv@N0005"
            },
            "metadata_options": [
              {
                "aws_v1_http_endpoint": 1,
                "aws_v1_http_token": 2,
                "gce_http_endpoint": 1,
                "gce_http_token": 1
              }
            ],
            "name": "web-1",
            "network_acceleration_type": "standard",
            "network_interface": [
              {
                "dns_record": [],
                "index": 0,
                "ip_address": "10.20.0.3",
                "ipv4": true,
                "ipv6": false,
                "ipv6_address": "",
                "ipv6_dns_record": [],
                "mac_address": "d0:0d:1b:ad:ea:b6",
                "nat": true,
                "nat_dns_record": [],
                "nat_ip_address": "51.250.7.12",
                "nat_ip_version": "IPV4",
                "security_group_ids": [
                  "enpb48ckpv01bb14lmm2"
                ],
                "subnet_id": "e9bvvhhfuf6ss71113oe"
              }
            ],
            "placement_policy": [
              {
                "host_affinity_rules": [],
                "placement_group_id": "",
                "placement_group_partition": 0
              }
            ],
            "platform_id": "standard-v3",
            "resources": [
              {
                "core_fraction": 100,
                "cores": 2,
                "gpus": 0,
                "memory": 2
              }
            ],
            "scheduling_policy": [
              {
                "preemptible": false
              }
            ],
            "secondary_disk": [],
            "service_account_id": "",
            "status": "running",
            "timeouts": null,
            "zone": "ru-central1-a"
          },
          "sensitive_attributes": [],
          "identity_schema_version": 0,
          "private": "eyJlMmJmYjczMC1lY2FhLTExZTYtOGY4OC0zNDM2M2JjN2M0YzAiOnsiY3JlYXRlIjozMDAwMDAwMDAwMDAsImRlbGV0ZSI6MzAwMDAwMDAwMDAwLCJ1cGRhdGUiOjMwMDAwMDAwMDAwMH0sInNjaGVtYV92ZXJzaW9uIjoiMSJ9",
          "dependencies": [
            "yandex_vpc_network.net",
            "yandex_vpc_security_group.sg",
            "yandex_vpc_subnet.subnet"
          ]
        },
        {
          "index_key": 1,
          "schema_version": 1,
          "attributes": {
            "allow_recreate": null,
            "allow_stopping_for_update": null,
            "boot_disk": [
              {
                "auto_delete": true,
                "device_name": "fhmb6r6vi5g9vsi4f38o",
                "disk_id": "fhmb6r6vi5g9vsi4f38o",
                "initialize_params": [
                  {
                    "block_size": 4096,
                    "description": "",
                    "image_id": "fd80bm0rh4rkepi5ksdi",
                    "kms_key_id": "",
                    "name": "",
                    "size": 10,
                    "snapshot_id": "",
                    "type": "network-ssd"
                  }
                ],
                "mode": "READ_WRITE"
              }
            ],
            "created_at": "2025-10-28T21:23:55Z",
            "description": "",
            "filesystem": [],
            "folder_id": "b1gr66gumfmr5ua86ol9",
            "fqdn": "fhm6e4p1fbrobdekeh78.auto.internal",
            "gpu_cluster_id": "",
            "hardware_generation": [
              {
                "generation2_features": [],
                "legacy_features": [
                  {
                    "pci_topology": "PCI_TOPOLOGY_V1"
                  }
                ]
              }
            ],
            "hostname": "",
            "id": "fhm6e4p1fbrobdekeh78",
            "labels": {
              "project": "saleor-pg-ha",
              "role": "web"
            },
            "local_disk": [],
            "maintenance_grace_period": "",
            "maintenance_policy": null,
            "metadata": {
              "server_id": "web-2",
              "ssh-keys": "ubuntu:ssh-ed25519 AAAAC3NzaC1lZDI1NTE5AAAAIB3Mca7fZDWxo7xEE9fG8rOYcNd4CzkEiniV2zsCxtEy sedunovsv@N0005",
              "ssh_public_key": "ssh-ed25519 AAAAC3NzaC1lZDI1NTE5AAAAIB3Mca7fZDWxo7xEE9fG8rOYcNd4CzkEiniV2zsCxtEy sedunovsv@N0005"
            },
            "metadata_options": [
              {
                "aws_v1_http_endpoint": 1,
                "aws_v1_http_token": 2,
                "gce_http_endpoint": 1,
                "gce_http_token": 1
              }
            ],
            "name": "web-2",
            "network_acceleration_type": "standard",
            "network_interface": [
              {
                "dns_record": [],
                "index": 0,
                "ip_address": "10.20.0.38",
                "ipv4": true,
                "ipv6": false,
                "ipv6_address": "",
                "ipv6_dns_record": [],
                "mac_address": "d0:0d:67:13:21:7a",
                "nat": true,
                "nat_dns_record": [],
                "nat_ip_address": "84.201.129.218",
                "nat_ip_version": "IPV4",
                "security_group_ids": [
                  "enpb48ckpv01bb14lmm2"
                ],
                "subnet_id": "e9bvvhhfuf6ss71113oe"
              }
            ],
            "placement_policy": [
              {
                "host_affinity_rules": [],
                "placement_group_id": "",
                "placement_group_partition": 0
              }
            ],
            "platform_id": "standard-v3",
            "resources": [
              {
                "core_fraction": 100,
                "cores": 2,
                "gpus": 0,
                "memory": 2
              }
            ],
            "scheduling_policy": [
              {
                "preemptible": false
              }
            ],
            "secondary_disk": [],
            "service_account_id": "",
            "status": "running",
            "timeouts": null,
            "zone": "ru-central1-a"
          },
          "sensitive_attributes": [],
          "identity_schema_version": 0,
          "private": "eyJlMmJmYjczMC1lY2FhLTExZTYtOGY4OC0zNDM2M2JjN2M0YzAiOnsiY3JlYXRlIjozMDAwMDAwMDAwMDAsImRlbGV0ZSI6MzAwMDAwMDAwMDAwLCJ1cGRhdGUiOjMwMDAwMDAwMDAwMH0sInNjaGVtYV92ZXJzaW9uIjoiMSJ9",
          "dependencies": [
            "yandex_vpc_network.net",
            "yandex_vpc_security_group.sg",
            "yandex_vpc_subnet.subnet"
          ]
        },
        {
          "index_key": 2,
          "schema_version": 1,
          "attributes": {
            "allow_recreate": null,
            "allow_stopping_for_update": null,
            "boot_disk": [
              {
                "auto_delete": true,
                "device_name": "fhmtnsva3rkd7t2donqu",
                "disk_id": "fhmtnsva3rkd7t2donqu",
                "initialize_params": [
                  {
                    "block_size": 4096,
                    "description": "",
                    "image_id": "fd80bm0rh4rkepi5ksdi",
                    "kms_key_id": "",
                    "name": "",
                    "size": 10,
                    "snapshot_id": "",
                    "type": "network-ssd"
                  }
                ],
                "mode": "READ_WRITE"
              }
            ],
            "created_at": "2025-10-28T21:23:55Z",
            "description": "",
            "filesystem": [],
            "folder_id": "b1gr66gumfmr5ua86ol9",
            "fqdn": "fhmh3vj6d5mtphe07b0r.auto.internal",
            "gpu_cluster_id": "",
            "hardware_generation": [
              {
                "generation2_features": [],
                "legacy_features": [
                  {
                    "pci_topology": "PCI_TOPOLOGY_V1"
                  }
                ]
              }
            ],
            "hostname": "",
            "id": "fhmh3vj6d5mtphe07b0r",
            "labels": {
              "project": "saleor-pg-ha",
              "role": "web"
            },
            "local_disk": [],
            "maintenance_grace_period": "",
            "maintenance_policy": null,
            "metadata": {
              "server_id": "web-3",
              "ssh-keys": "ubuntu:ssh-ed25519 AAAAC3NzaC1lZDI1NTE5AAAAIB3Mca7fZDWxo7xEE9fG8rOYcNd4CzkEiniV2zsCxtEy sedunovsv@N0005",
              "ssh_public_key": "ssh-ed25519 AAAAC3NzaC1lZDI1NTE5AAAAIB3Mca7fZDWxo7xEE9fG8rOYcNd4CzkEiniV2zsCxtEy sedunovsv@N0005"
            },
            "metadata_options": [
              {
                "aws_v1_http_endpoint": 1,
                "aws_v1_http_token": 2,
                "gce_http_endpoint": 1,
                "gce_http_token": 1
              }
            ],
            "name": "web-3",
            "network_acceleration_type": "standard",
            "network_interface": [
              {
                "dns_record": [],
                "index": 0,
                "ip_address": "10.20.0.29",
                "ipv4": true,
                "ipv6": false,
                "ipv6_address": "",
                "ipv6_dns_record": [],
                "mac_address": "d0:0d:11:1f:e6:66",
                "nat": true,
                "nat_dns_record": [],
                "nat_ip_address": "89.169.129.29",
                "nat_ip_version": "IPV4",
                "security_group_ids": [
                  "enpb48ckpv01bb14lmm2"
                ],
                "subnet_id": "e9bvvhhfuf6ss71113oe"
              }
            ],
            "placement_policy": [
              {
                "host_affinity_rules": [],
                "placement_group_id": "",
                "placement_group_partition": 0
              }
            ],
            "platform_id": "standard-v3",
            "resources": [
              {
                "core_fraction": 100,
                "cores": 2,
                "gpus": 0,
                "memory": 2
              }
            ],
            "scheduling_policy": [
              {
                "preemptible": false
              }
            ],
            "secondary_disk": [],
            "service_account_id": "",
            "status": "running",
            "timeouts": null,
            "zone": "ru-central1-a"
          },
          "sensitive_attributes": [],
          "identity_schema_version": 0,
          "private": "eyJlMmJmYjczMC1lY2FhLTExZTYtOGY4OC0zNDM2M2JjN2M0YzAiOnsiY3JlYXRlIjozMDAwMDAwMDAwMDAsImRlbGV0ZSI6MzAwMDAwMDAwMDAwLCJ1cGRhdGUiOjMwMDAwMDAwMDAwMH0sInNjaGVtYV92ZXJzaW9uIjoiMSJ9",
          "dependencies": [
            "yandex_vpc_network.net",
            "yandex_vpc_security_group.sg",
            "yandex_vpc_subnet.subnet"
          ]
        }
      ]
    },
    {
      "mode": "managed",
      "type": "yandex_vpc_network",
      "name": "net",
      "provider": "provider[\"registry.terraform.io/yandex-cloud/yandex\"]",
      "instances": [
        {
          "schema_version": 0,
          "attributes": {
            "created_at": "2025-10-28T21:23:50Z",
            "default_security_group_id": "enpsuqto38t9nlrk0pba",
            "description": "",
            "folder_id": "b1gr66gumfmr5ua86ol9",
            "id": "enpcufu651a48b05r0e5",
            "labels": {
              "project": "saleor-pg-ha"
            },
            "name": "pg-ha-net",
            "subnet_ids": [
              "e9bvvhhfuf6ss71113oe"
            ],
            "timeouts": null
          },
          "sensitive_attributes": [],
          "identity_schema_version": 0,
          "private": "eyJlMmJmYjczMC1lY2FhLTExZTYtOGY4OC0zNDM2M2JjN2M0YzAiOnsiY3JlYXRlIjo2MDAwMDAwMDAwMCwiZGVsZXRlIjo2MDAwMDAwMDAwMCwidXBkYXRlIjo2MDAwMDAwMDAwMH19"
        }
      ]
    },
    {
      "mode": "managed",
      "type": "yandex_vpc_security_group",
      "name": "sg",
      "provider": "provider[\"registry.terraform.io/yandex-cloud/yandex\"]",
      "instances": [
        {
          "schema_version": 0,
          "attributes": {
            "created_at": "2025-10-28T21:23:54Z",
            "description": "Allow SSH, HTTP, Consul, inter-node",
            "egress": [
              {
                "description": "",
                "from_port": -1,
                "id": "enp86gb4ecrruhhsfb6g",
                "labels": {},
                "port": -1,
                "predefined_target": "",
                "protocol": "ANY",
                "security_group_id": "",
                "to_port": -1,
                "v4_cidr_blocks": [
                  "0.0.0.0/0"
                ],
                "v6_cidr_blocks": []
              }
            ],
            "folder_id": "b1gr66gumfmr5ua86ol9",
            "id": "enpb48ckpv01bb14lmm2",
            "ingress": [
              {
                "description": "Consul DNS",
                "from_port": -1,
                "id": "enpakpm3vs87s2gb4bpp",
                "labels": {},
                "port": 8600,
                "predefined_target": "",
                "protocol": "UDP",
                "security_group_id": "",
                "to_port": -1,
                "v4_cidr_blocks": [
                  "10.20.0.0/24"
                ],
                "v6_cidr_blocks": []
              },
              {
                "description": "Consul DNS",
                "from_port": -1,
                "id": "enpl6j5jom13ief32p75",
                "labels": {},
                "port": 8600,
                "predefined_target": "",
                "protocol": "TCP",
                "security_group_id": "",
                "to_port": -1,
                "v4_cidr_blocks": [
                  "10.20.0.0/24"
                ],
                "v6_cidr_blocks": []
              },
              {
                "description": "Consul HTTP API",
                "from_port": -1,
                "id": "enp903a06kpkspt2r5v1",
                "labels": {},
                "port": 8500,
                "predefined_target": "",
                "protocol": "TCP",
                "security_group_id": "",
                "to_port": -1,
                "v4_cidr_blocks": [
                  "0.0.0.0/0"
                ],
                "v6_cidr_blocks": []
              },
              {
                "description": "Consul LAN Serf",
                "from_port": -1,
                "id": "enp3blo55q3u2v1nr9k3",
                "labels": {},
                "port": 8301,
                "predefined_target": "",
                "protocol": "TCP",
                "security_group_id": "",
                "to_port": -1,
                "v4_cidr_blocks": [
                  "10.20.0.0/24"
                ],
                "v6_cidr_blocks": []
              },
              {
                "description": "Consul Server RPC",
                "from_port": -1,
                "id": "enpmk180vo50shm5125a",
                "labels": {},
                "port": 8300,
                "predefined_target": "",
                "protocol": "TCP",
                "security_group_id": "",
                "to_port": -1,
                "v4_cidr_blocks": [
                  "10.20.0.0/24"
                ],
                "v6_cidr_blocks": []
              },
              {
                "description": "Consul WAN Serf",
                "from_port": -1,
                "id": "enpl9sr0qvo3o84395o7",
                "labels": {},
                "port": 8302,
                "predefined_target": "",
                "protocol": "TCP",
                "security_group_id": "",
                "to_port": -1,
                "v4_cidr_blocks": [
                  "10.20.0.0/24"
                ],
                "v6_cidr_blocks": []
              },
              {
                "description": "HTTP",
                "from_port": -1,
                "id": "enposd1rhli7ubh2fq5e",
                "labels": {},
                "port": 80,
                "predefined_target": "",
                "protocol": "TCP",
                "security_group_id": "",
                "to_port": -1,
                "v4_cidr_blocks": [
                  "0.0.0.0/0"
                ],
                "v6_cidr_blocks": []
              },
              {
                "description": "HTTPS",
                "from_port": -1,
                "id": "enptmu6terqde3b9cp6g",
                "labels": {},
                "port": 443,
                "predefined_target": "",
                "protocol": "TCP",
                "security_group_id": "",
                "to_port": -1,
                "v4_cidr_blocks": [
                  "0.0.0.0/0"
                ],
                "v6_cidr_blocks": []
              },
              {
                "description": "Inter-node communication",
                "from_port": 1,
                "id": "enpp3a9uqts6amlc0dk2",
                "labels": {},
                "port": -1,
                "predefined_target": "",
                "protocol": "TCP",
                "security_group_id": "",
                "to_port": 65535,
                "v4_cidr_blocks": [
                  "10.20.0.0/24"
                ],
                "v6_cidr_blocks": []
              },
              {
                "description": "OpenSearch Dashboard",
                "from_port": -1,
                "id": "enpm1ehrr17dl9kgg57o",
                "labels": {},
                "port": 5601,
                "predefined_target": "",
                "protocol": "TCP",
                "security_group_id": "",
                "to_port": -1,
                "v4_cidr_blocks": [
                  "0.0.0.0/0"
                ],
                "v6_cidr_blocks": []
              },
              {
                "description": "OpenSearch",
                "from_port": -1,
                "id": "enp7h0rnt1kfa90u81i0",
                "labels": {},
                "port": 9200,
                "predefined_target": "",
                "protocol": "TCP",
                "security_group_id": "",
                "to_port": -1,
                "v4_cidr_blocks": [
                  "0.0.0.0/0"
                ],
                "v6_cidr_blocks": []
              },
              {
                "description": "SSH",
                "from_port": -1,
                "id": "enpm9eq06b1h4q8knhj4",
                "labels": {},
                "port": 22,
                "predefined_target": "",
                "protocol": "TCP",
                "security_group_id": "",
                "to_port": -1,
                "v4_cidr_blocks": [
                  "0.0.0.0/0"
                ],
                "v6_cidr_blocks": []
              }
            ],
            "labels": {},
            "name": "consul-cluster-sg",
            "network_id": "enpcufu651a48b05r0e5",
            "status": "ACTIVE",
            "timeouts": null
          },
          "sensitive_attributes": [],
          "identity_schema_version": 0,
          "private": "eyJlMmJmYjczMC1lY2FhLTExZTYtOGY4OC0zNDM2M2JjN2M0YzAiOnsiY3JlYXRlIjoxODAwMDAwMDAwMDAsImRlbGV0ZSI6MTgwMDAwMDAwMDAwLCJ1cGRhdGUiOjE4MDAwMDAwMDAwMH19",
          "dependencies": [
            "yandex_vpc_network.net"
          ]
        }
      ]
    },
    {
      "mode": "managed",
      "type": "yandex_vpc_subnet",
      "name": "subnet",
      "provider": "provider[\"registry.terraform.io/yandex-cloud/yandex\"]",
      "instances": [
        {
          "schema_version": 0,
          "attributes": {
            "created_at": "2025-10-28T21:23:52Z",
            "description": "",
            "dhcp_options": [],
            "folder_id": "b1gr66gumfmr5ua86ol9",
            "id": "e9bvvhhfuf6ss71113oe",
            "labels": {
              "project": "saleor-pg-ha"
            },
            "name": "pg-ha-net-subnet",
            "network_id": "enpcufu651a48b05r0e5",
            "route_table_id": "",
            "timeouts": null,
            "v4_cidr_blocks": [
              "10.20.0.0/24"
            ],
            "v6_cidr_blocks": [],
            "zone": "ru-central1-a"
          },
          "sensitive_attributes": [],
          "identity_schema_version": 0,
          "private": "eyJlMmJmYjczMC1lY2FhLTExZTYtOGY4OC0zNDM2M2JjN2M0YzAiOnsiY3JlYXRlIjoxODAwMDAwMDAwMDAsImRlbGV0ZSI6MTgwMDAwMDAwMDAwLCJ1cGRhdGUiOjE4MDAwMDAwMDAwMH19",
          "dependencies": [
            "yandex_vpc_network.net"
          ]
        }
      ]
    }
  ],
  "check_results": null
}
