{
  "version": 4,
  "terraform_version": "1.14.0",
  "serial": 24,
  "lineage": "7346c5cf-ef90-602d-7b2e-ec3ac647d140",
  "outputs": {
    "all_servers": {
      "value": {
        "backend": [
          {
            "internal_ip": "192.168.10.20"
          },
          {
            "internal_ip": "192.168.10.8"
          }
        ],
        "nginx": [
          {
            "external_ip": "178.154.241.95",
            "internal_ip": "192.168.10.12"
          },
          {
            "external_ip": "178.154.247.210",
            "internal_ip": "192.168.10.10"
          }
        ],
        "salt_master": {
          "external_ip": "130.193.51.250",
          "internal_ip": "192.168.10.19"
        }
      },
      "type": [
        "object",
        {
          "backend": [
            "tuple",
            [
              [
                "object",
                {
                  "internal_ip": "string"
                }
              ],
              [
                "object",
                {
                  "internal_ip": "string"
                }
              ]
            ]
          ],
          "nginx": [
            "tuple",
            [
              [
                "object",
                {
                  "external_ip": "string",
                  "internal_ip": "string"
                }
              ],
              [
                "object",
                {
                  "external_ip": "string",
                  "internal_ip": "string"
                }
              ]
            ]
          ],
          "salt_master": [
            "object",
            {
              "external_ip": "string",
              "internal_ip": "string"
            }
          ]
        }
      ]
    },
    "backend_internal_ips": {
      "value": [
        "192.168.10.20",
        "192.168.10.8"
      ],
      "type": [
        "tuple",
        [
          "string",
          "string"
        ]
      ]
    },
    "nginx_external_ips": {
      "value": [
        "178.154.241.95",
        "178.154.247.210"
      ],
      "type": [
        "tuple",
        [
          "string",
          "string"
        ]
      ]
    },
    "nginx_internal_ips": {
      "value": [
        "192.168.10.12",
        "192.168.10.10"
      ],
      "type": [
        "tuple",
        [
          "string",
          "string"
        ]
      ]
    },
    "salt_master_external_ip": {
      "value": "130.193.51.250",
      "type": "string"
    },
    "salt_master_internal_ip": {
      "value": "192.168.10.19",
      "type": "string"
    }
  },
  "resources": [
    {
      "mode": "data",
      "type": "yandex_vpc_network",
      "name": "network",
      "provider": "provider[\"registry.terraform.io/yandex-cloud/yandex\"]",
      "instances": [
        {
          "schema_version": 0,
          "attributes": {
            "created_at": "2025-11-04T15:56:07Z",
            "default_security_group_id": "enpejfscic1mrkkgcuql",
            "description": "",
            "folder_id": "b1gr66gumfmr5ua86ol9",
            "id": "enprlgcne47bgk34fbdh",
            "labels": {},
            "name": "otus-network",
            "network_id": "enprlgcne47bgk34fbdh",
            "subnet_ids": [
              "e9b5hij9agq9e7u3fjqj"
            ]
          },
          "sensitive_attributes": [],
          "identity_schema_version": 0
        }
      ]
    },
    {
      "mode": "data",
      "type": "yandex_vpc_subnet",
      "name": "subnet",
      "provider": "provider[\"registry.terraform.io/yandex-cloud/yandex\"]",
      "instances": [
        {
          "schema_version": 0,
          "attributes": {
            "created_at": "2025-11-04T15:56:09Z",
            "description": "",
            "dhcp_options": [],
            "folder_id": "b1gr66gumfmr5ua86ol9",
            "id": "e9b5hij9agq9e7u3fjqj",
            "labels": {},
            "name": "otus-subnet",
            "network_id": "enprlgcne47bgk34fbdh",
            "route_table_id": "",
            "subnet_id": "e9b5hij9agq9e7u3fjqj",
            "v4_cidr_blocks": [
              "192.168.10.0/24"
            ],
            "v6_cidr_blocks": [],
            "zone": "ru-central1-a"
          },
          "sensitive_attributes": [],
          "identity_schema_version": 0
        }
      ]
    },
    {
      "mode": "managed",
      "type": "local_file",
      "name": "ansible_inventory",
      "provider": "provider[\"registry.terraform.io/hashicorp/local\"]",
      "instances": [
        {
          "schema_version": 0,
          "attributes": {
            "content": "[salt_master]\nsalt-master ansible_host=130.193.51.250 ansible_user=ubuntu internal_ip=192.168.10.19\n\n[nginx]\nnginx-1 ansible_host=178.154.241.95 ansible_user=ubuntu internal_ip=192.168.10.12\nnginx-2 ansible_host=178.154.247.210 ansible_user=ubuntu internal_ip=192.168.10.10\n\n[backend]\nbackend-1 ansible_host=192.168.10.20 ansible_user=ubuntu internal_ip=192.168.10.20 ansible_ssh_common_args='-o ProxyCommand=\"ssh -W %h:%p -o StrictHostKeyChecking=no ubuntu@130.193.51.250\"'\nbackend-2 ansible_host=192.168.10.8 ansible_user=ubuntu internal_ip=192.168.10.8 ansible_ssh_common_args='-o ProxyCommand=\"ssh -W %h:%p -o StrictHostKeyChecking=no ubuntu@130.193.51.250\"'\n\n[all:vars]\nansible_ssh_private_key_file=/home/sedunovsv/.ssh/id_ed25519\nansible_python_interpreter=/usr/bin/python3\n",
            "content_base64": null,
            "content_base64sha256": "gvnqm1M3tjHvpe2GGZudMD8hShynazx3F30TJC74aGU=",
            "content_base64sha512": "tGn8GeBjDzLRu3mh/puKgRu2I76T4e2Jya9GvcD6rkmDsOfCE4b3gsieW6xXfYxArjo1Jxj3+9xc9ErzJv+4Nw==",
            "content_md5": "8db9b6c27817ff8b976655cd5fbdf93e",
            "content_sha1": "c4809b91f1e807b80f36426852ada3fdc2346d60",
            "content_sha256": "82f9ea9b5337b631efa5ed86199b9d303f214a1ca76b3c77177d13242ef86865",
            "content_sha512": "b469fc19e0630f32d1bb79a1fe9b8a811bb623be93e1ed89c9af46bdc0faae4983b0e7c21386f782c89e5bac577d8c40ae3a352718f7fbdc5cf44af326ffb837",
            "directory_permission": "0777",
            "file_permission": "0777",
            "filename": "./../ansible/inventory.ini",
            "id": "c4809b91f1e807b80f36426852ada3fdc2346d60",
            "sensitive_content": null,
            "source": null
          },
          "sensitive_attributes": [
            [
              {
                "type": "get_attr",
                "value": "sensitive_content"
              }
            ]
          ],
          "identity_schema_version": 0,
          "dependencies": [
            "data.yandex_vpc_network.network",
            "data.yandex_vpc_subnet.subnet",
            "yandex_compute_disk.boot_backend",
            "yandex_compute_disk.boot_nginx",
            "yandex_compute_disk.boot_salt_master",
            "yandex_compute_instance.backend",
            "yandex_compute_instance.nginx",
            "yandex_compute_instance.salt_master",
            "yandex_vpc_security_group.backend_sg",
            "yandex_vpc_security_group.nginx_sg",
            "yandex_vpc_security_group.salt_master_sg"
          ]
        }
      ]
    },
    {
      "mode": "managed",
      "type": "local_file",
      "name": "salt_inventory",
      "provider": "provider[\"registry.terraform.io/hashicorp/local\"]",
      "instances": [
        {
          "schema_version": 0,
          "attributes": {
            "content": "# Salt Master\nSALT_MASTER_IP=130.193.51.250\nSALT_MASTER_INTERNAL_IP=192.168.10.19\n\n# Nginx servers\nNGINX_1_IP=178.154.241.95\nNGINX_1_INTERNAL_IP=192.168.10.12\nNGINX_2_IP=178.154.247.210\nNGINX_2_INTERNAL_IP=192.168.10.10\n\n# Backend servers\nBACKEND_1_IP=192.168.10.20\nBACKEND_2_IP=192.168.10.8\n",
            "content_base64": null,
            "content_base64sha256": "QVDNjSCm1L8DG7+qJsN/QpT1IWzbrqj4W1uiRsdZaBo=",
            "content_base64sha512": "P3xJMZyw2GnIJxnL8upd6Vf9USkhDjUgcmrO1/2G7kmBKuXkI2nxd0G7X+U++chxYrWBrPKtFCa7Bhh8IKFVcA==",
            "content_md5": "dc1507e41ea0b611692f88f16d25acb0",
            "content_sha1": "94025048e6a9d362945813531640c0aeebec17b4",
            "content_sha256": "4150cd8d20a6d4bf031bbfaa26c37f4294f5216cdbaea8f85b5ba246c759681a",
            "content_sha512": "3f7c49319cb0d869c82719cbf2ea5de957fd5129210e3520726aced7fd86ee49812ae5e42369f17741bb5fe53ef9c87162b581acf2ad1426bb06187c20a15570",
            "directory_permission": "0777",
            "file_permission": "0777",
            "filename": "./../salt-inventory.txt",
            "id": "94025048e6a9d362945813531640c0aeebec17b4",
            "sensitive_content": null,
            "source": null
          },
          "sensitive_attributes": [
            [
              {
                "type": "get_attr",
                "value": "sensitive_content"
              }
            ]
          ],
          "identity_schema_version": 0,
          "dependencies": [
            "data.yandex_vpc_network.network",
            "data.yandex_vpc_subnet.subnet",
            "yandex_compute_disk.boot_backend",
            "yandex_compute_disk.boot_nginx",
            "yandex_compute_disk.boot_salt_master",
            "yandex_compute_instance.backend",
            "yandex_compute_instance.nginx",
            "yandex_compute_instance.salt_master",
            "yandex_vpc_security_group.backend_sg",
            "yandex_vpc_security_group.nginx_sg",
            "yandex_vpc_security_group.salt_master_sg"
          ]
        }
      ]
    },
    {
      "mode": "managed",
      "type": "yandex_compute_disk",
      "name": "boot_backend",
      "provider": "provider[\"registry.terraform.io/yandex-cloud/yandex\"]",
      "instances": [
        {
          "index_key": 0,
          "schema_version": 0,
          "attributes": {
            "allow_recreate": null,
            "block_size": 4096,
            "created_at": "2025-12-22T16:10:40Z",
            "description": "",
            "disk_placement_policy": [
              {
                "disk_placement_group_id": ""
              }
            ],
            "folder_id": "b1gr66gumfmr5ua86ol9",
            "hardware_generation": [
              {
                "generation2_features": [],
                "legacy_features": [
                  {
                    "pci_topology": "PCI_TOPOLOGY_V1"
                  }
                ]
              }
            ],
            "id": "fhmsgc7rnf2mqvcrug87",
            "image_id": "fd808e721rc1vt7jkd0o",
            "kms_key_id": null,
            "labels": {},
            "name": "boot-backend-1",
            "product_ids": [
              "f2e8r6k9f9dsnn65dcf8"
            ],
            "size": 20,
            "snapshot_id": "",
            "status": "ready",
            "timeouts": null,
            "type": "network-hdd",
            "zone": "ru-central1-a"
          },
          "sensitive_attributes": [],
          "identity_schema_version": 0,
          "private": "eyJlMmJmYjczMC1lY2FhLTExZTYtOGY4OC0zNDM2M2JjN2M0YzAiOnsiY3JlYXRlIjozMDAwMDAwMDAwMDAsImRlbGV0ZSI6MzAwMDAwMDAwMDAwLCJ1cGRhdGUiOjMwMDAwMDAwMDAwMH19"
        },
        {
          "index_key": 1,
          "schema_version": 0,
          "attributes": {
            "allow_recreate": null,
            "block_size": 4096,
            "created_at": "2025-12-22T16:10:40Z",
            "description": "",
            "disk_placement_policy": [
              {
                "disk_placement_group_id": ""
              }
            ],
            "folder_id": "b1gr66gumfmr5ua86ol9",
            "hardware_generation": [
              {
                "generation2_features": [],
                "legacy_features": [
                  {
                    "pci_topology": "PCI_TOPOLOGY_V1"
                  }
                ]
              }
            ],
            "id": "fhm6recr75l2f8l1vqlr",
            "image_id": "fd808e721rc1vt7jkd0o",
            "kms_key_id": null,
            "labels": {},
            "name": "boot-backend-2",
            "product_ids": [
              "f2e8r6k9f9dsnn65dcf8"
            ],
            "size": 20,
            "snapshot_id": "",
            "status": "ready",
            "timeouts": null,
            "type": "network-hdd",
            "zone": "ru-central1-a"
          },
          "sensitive_attributes": [],
          "identity_schema_version": 0,
          "private": "eyJlMmJmYjczMC1lY2FhLTExZTYtOGY4OC0zNDM2M2JjN2M0YzAiOnsiY3JlYXRlIjozMDAwMDAwMDAwMDAsImRlbGV0ZSI6MzAwMDAwMDAwMDAwLCJ1cGRhdGUiOjMwMDAwMDAwMDAwMH19"
        }
      ]
    },
    {
      "mode": "managed",
      "type": "yandex_compute_disk",
      "name": "boot_nginx",
      "provider": "provider[\"registry.terraform.io/yandex-cloud/yandex\"]",
      "instances": [
        {
          "index_key": 0,
          "schema_version": 0,
          "attributes": {
            "allow_recreate": null,
            "block_size": 4096,
            "created_at": "2025-12-22T16:10:40Z",
            "description": "",
            "disk_placement_policy": [
              {
                "disk_placement_group_id": ""
              }
            ],
            "folder_id": "b1gr66gumfmr5ua86ol9",
            "hardware_generation": [
              {
                "generation2_features": [],
                "legacy_features": [
                  {
                    "pci_topology": "PCI_TOPOLOGY_V1"
                  }
                ]
              }
            ],
            "id": "fhmh96uvdjpe877eerfm",
            "image_id": "fd808e721rc1vt7jkd0o",
            "kms_key_id": null,
            "labels": {},
            "name": "boot-nginx-1",
            "product_ids": [
              "f2e8r6k9f9dsnn65dcf8"
            ],
            "size": 20,
            "snapshot_id": "",
            "status": "ready",
            "timeouts": null,
            "type": "network-hdd",
            "zone": "ru-central1-a"
          },
          "sensitive_attributes": [],
          "identity_schema_version": 0,
          "private": "eyJlMmJmYjczMC1lY2FhLTExZTYtOGY4OC0zNDM2M2JjN2M0YzAiOnsiY3JlYXRlIjozMDAwMDAwMDAwMDAsImRlbGV0ZSI6MzAwMDAwMDAwMDAwLCJ1cGRhdGUiOjMwMDAwMDAwMDAwMH19"
        },
        {
          "index_key": 1,
          "schema_version": 0,
          "attributes": {
            "allow_recreate": null,
            "block_size": 4096,
            "created_at": "2025-12-22T16:10:40Z",
            "description": "",
            "disk_placement_policy": [
              {
                "disk_placement_group_id": ""
              }
            ],
            "folder_id": "b1gr66gumfmr5ua86ol9",
            "hardware_generation": [
              {
                "generation2_features": [],
                "legacy_features": [
                  {
                    "pci_topology": "PCI_TOPOLOGY_V1"
                  }
                ]
              }
            ],
            "id": "fhm54hnvqq4cmohif521",
            "image_id": "fd808e721rc1vt7jkd0o",
            "kms_key_id": null,
            "labels": {},
            "name": "boot-nginx-2",
            "product_ids": [
              "f2e8r6k9f9dsnn65dcf8"
            ],
            "size": 20,
            "snapshot_id": "",
            "status": "ready",
            "timeouts": null,
            "type": "network-hdd",
            "zone": "ru-central1-a"
          },
          "sensitive_attributes": [],
          "identity_schema_version": 0,
          "private": "eyJlMmJmYjczMC1lY2FhLTExZTYtOGY4OC0zNDM2M2JjN2M0YzAiOnsiY3JlYXRlIjozMDAwMDAwMDAwMDAsImRlbGV0ZSI6MzAwMDAwMDAwMDAwLCJ1cGRhdGUiOjMwMDAwMDAwMDAwMH19"
        }
      ]
    },
    {
      "mode": "managed",
      "type": "yandex_compute_disk",
      "name": "boot_salt_master",
      "provider": "provider[\"registry.terraform.io/yandex-cloud/yandex\"]",
      "instances": [
        {
          "schema_version": 0,
          "attributes": {
            "allow_recreate": null,
            "block_size": 4096,
            "created_at": "2025-12-22T16:10:40Z",
            "description": "",
            "disk_placement_policy": [
              {
                "disk_placement_group_id": ""
              }
            ],
            "folder_id": "b1gr66gumfmr5ua86ol9",
            "hardware_generation": [
              {
                "generation2_features": [],
                "legacy_features": [
                  {
                    "pci_topology": "PCI_TOPOLOGY_V1"
                  }
                ]
              }
            ],
            "id": "fhmvj5vcdh6umogmmqoc",
            "image_id": "fd808e721rc1vt7jkd0o",
            "kms_key_id": null,
            "labels": {},
            "name": "boot-salt-master",
            "product_ids": [
              "f2e8r6k9f9dsnn65dcf8"
            ],
            "size": 20,
            "snapshot_id": "",
            "status": "ready",
            "timeouts": null,
            "type": "network-hdd",
            "zone": "ru-central1-a"
          },
          "sensitive_attributes": [],
          "identity_schema_version": 0,
          "private": "eyJlMmJmYjczMC1lY2FhLTExZTYtOGY4OC0zNDM2M2JjN2M0YzAiOnsiY3JlYXRlIjozMDAwMDAwMDAwMDAsImRlbGV0ZSI6MzAwMDAwMDAwMDAwLCJ1cGRhdGUiOjMwMDAwMDAwMDAwMH19"
        }
      ]
    },
    {
      "mode": "managed",
      "type": "yandex_compute_instance",
      "name": "backend",
      "provider": "provider[\"registry.terraform.io/yandex-cloud/yandex\"]",
      "instances": [
        {
          "index_key": 0,
          "schema_version": 1,
          "attributes": {
            "allow_recreate": null,
            "allow_stopping_for_update": null,
            "boot_disk": [
              {
                "auto_delete": true,
                "device_name": "fhmsgc7rnf2mqvcrug87",
                "disk_id": "fhmsgc7rnf2mqvcrug87",
                "initialize_params": [
                  {
                    "block_size": 4096,
                    "description": "",
                    "image_id": "fd808e721rc1vt7jkd0o",
                    "kms_key_id": "",
                    "name": "boot-backend-1",
                    "size": 20,
                    "snapshot_id": "",
                    "type": "network-hdd"
                  }
                ],
                "mode": "READ_WRITE"
              }
            ],
            "created_at": "2025-12-22T16:10:48Z",
            "description": "",
            "filesystem": [],
            "folder_id": "b1gr66gumfmr5ua86ol9",
            "fqdn": "fhm2j1r167kts8f2a3ah.auto.internal",
            "gpu_cluster_id": "",
            "hardware_generation": [
              {
                "generation2_features": [],
                "legacy_features": [
                  {
                    "pci_topology": "PCI_TOPOLOGY_V1"
                  }
                ]
              }
            ],
            "hostname": "",
            "id": "fhm2j1r167kts8f2a3ah",
            "labels": {},
            "local_disk": [],
            "maintenance_grace_period": "",
            "maintenance_policy": null,
            "metadata": {
              "ssh-keys": "ubuntu:ssh-ed25519 AAAAC3NzaC1lZDI1NTE5AAAAIB3Mca7fZDWxo7xEE9fG8rOYcNd4CzkEiniV2zsCxtEy sedunovsv@N0005\n"
            },
            "metadata_options": [
              {
                "aws_v1_http_endpoint": 1,
                "aws_v1_http_token": 2,
                "gce_http_endpoint": 1,
                "gce_http_token": 1
              }
            ],
            "name": "backend-1",
            "network_acceleration_type": "standard",
            "network_interface": [
              {
                "dns_record": [],
                "index": 0,
                "ip_address": "192.168.10.20",
                "ipv4": true,
                "ipv6": false,
                "ipv6_address": "",
                "ipv6_dns_record": [],
                "mac_address": "d0:0d:29:87:61:31",
                "nat": false,
                "nat_dns_record": [],
                "nat_ip_address": "",
                "nat_ip_version": "",
                "security_group_ids": [
                  "enpe9m69t7ps57l4bj9j"
                ],
                "subnet_id": "e9b5hij9agq9e7u3fjqj"
              }
            ],
            "placement_policy": [
              {
                "host_affinity_rules": [],
                "placement_group_id": "",
                "placement_group_partition": 0
              }
            ],
            "platform_id": "standard-v1",
            "resources": [
              {
                "core_fraction": 100,
                "cores": 2,
                "gpus": 0,
                "memory": 4
              }
            ],
            "scheduling_policy": [
              {
                "preemptible": false
              }
            ],
            "secondary_disk": [],
            "service_account_id": "",
            "status": "running",
            "timeouts": null,
            "zone": "ru-central1-a"
          },
          "sensitive_attributes": [],
          "identity_schema_version": 0,
          "private": "eyJlMmJmYjczMC1lY2FhLTExZTYtOGY4OC0zNDM2M2JjN2M0YzAiOnsiY3JlYXRlIjozMDAwMDAwMDAwMDAsImRlbGV0ZSI6MzAwMDAwMDAwMDAwLCJ1cGRhdGUiOjMwMDAwMDAwMDAwMH0sInNjaGVtYV92ZXJzaW9uIjoiMSJ9",
          "dependencies": [
            "data.yandex_vpc_network.network",
            "data.yandex_vpc_subnet.subnet",
            "yandex_compute_disk.boot_backend",
            "yandex_vpc_security_group.backend_sg"
          ]
        },
        {
          "index_key": 1,
          "schema_version": 1,
          "attributes": {
            "allow_recreate": null,
            "allow_stopping_for_update": null,
            "boot_disk": [
              {
                "auto_delete": true,
                "device_name": "fhm6recr75l2f8l1vqlr",
                "disk_id": "fhm6recr75l2f8l1vqlr",
                "initialize_params": [
                  {
                    "block_size": 4096,
                    "description": "",
                    "image_id": "fd808e721rc1vt7jkd0o",
                    "kms_key_id": "",
                    "name": "boot-backend-2",
                    "size": 20,
                    "snapshot_id": "",
                    "type": "network-hdd"
                  }
                ],
                "mode": "READ_WRITE"
              }
            ],
            "created_at": "2025-12-22T16:10:49Z",
            "description": "",
            "filesystem": [],
            "folder_id": "b1gr66gumfmr5ua86ol9",
            "fqdn": "fhmov94bt72t8mcidokq.auto.internal",
            "gpu_cluster_id": "",
            "hardware_generation": [
              {
                "generation2_features": [],
                "legacy_features": [
                  {
                    "pci_topology": "PCI_TOPOLOGY_V1"
                  }
                ]
              }
            ],
            "hostname": "",
            "id": "fhmov94bt72t8mcidokq",
            "labels": {},
            "local_disk": [],
            "maintenance_grace_period": "",
            "maintenance_policy": null,
            "metadata": {
              "ssh-keys": "ubuntu:ssh-ed25519 AAAAC3NzaC1lZDI1NTE5AAAAIB3Mca7fZDWxo7xEE9fG8rOYcNd4CzkEiniV2zsCxtEy sedunovsv@N0005\n"
            },
            "metadata_options": [
              {
                "aws_v1_http_endpoint": 1,
                "aws_v1_http_token": 2,
                "gce_http_endpoint": 1,
                "gce_http_token": 1
              }
            ],
            "name": "backend-2",
            "network_acceleration_type": "standard",
            "network_interface": [
              {
                "dns_record": [],
                "index": 0,
                "ip_address": "192.168.10.8",
                "ipv4": true,
                "ipv6": false,
                "ipv6_address": "",
                "ipv6_dns_record": [],
                "mac_address": "d0:0d:18:fa:48:be",
                "nat": false,
                "nat_dns_record": [],
                "nat_ip_address": "",
                "nat_ip_version": "",
                "security_group_ids": [
                  "enpe9m69t7ps57l4bj9j"
                ],
                "subnet_id": "e9b5hij9agq9e7u3fjqj"
              }
            ],
            "placement_policy": [
              {
                "host_affinity_rules": [],
                "placement_group_id": "",
                "placement_group_partition": 0
              }
            ],
            "platform_id": "standard-v1",
            "resources": [
              {
                "core_fraction": 100,
                "cores": 2,
                "gpus": 0,
                "memory": 4
              }
            ],
            "scheduling_policy": [
              {
                "preemptible": false
              }
            ],
            "secondary_disk": [],
            "service_account_id": "",
            "status": "running",
            "timeouts": null,
            "zone": "ru-central1-a"
          },
          "sensitive_attributes": [],
          "identity_schema_version": 0,
          "private": "eyJlMmJmYjczMC1lY2FhLTExZTYtOGY4OC0zNDM2M2JjN2M0YzAiOnsiY3JlYXRlIjozMDAwMDAwMDAwMDAsImRlbGV0ZSI6MzAwMDAwMDAwMDAwLCJ1cGRhdGUiOjMwMDAwMDAwMDAwMH0sInNjaGVtYV92ZXJzaW9uIjoiMSJ9",
          "dependencies": [
            "data.yandex_vpc_network.network",
            "data.yandex_vpc_subnet.subnet",
            "yandex_compute_disk.boot_backend",
            "yandex_vpc_security_group.backend_sg"
          ]
        }
      ]
    },
    {
      "mode": "managed",
      "type": "yandex_compute_instance",
      "name": "nginx",
      "provider": "provider[\"registry.terraform.io/yandex-cloud/yandex\"]",
      "instances": [
        {
          "index_key": 0,
          "schema_version": 1,
          "attributes": {
            "allow_recreate": null,
            "allow_stopping_for_update": null,
            "boot_disk": [
              {
                "auto_delete": true,
                "device_name": "fhmh96uvdjpe877eerfm",
                "disk_id": "fhmh96uvdjpe877eerfm",
                "initialize_params": [
                  {
                    "block_size": 4096,
                    "description": "",
                    "image_id": "fd808e721rc1vt7jkd0o",
                    "kms_key_id": "",
                    "name": "boot-nginx-1",
                    "size": 20,
                    "snapshot_id": "",
                    "type": "network-hdd"
                  }
                ],
                "mode": "READ_WRITE"
              }
            ],
            "created_at": "2025-12-22T16:10:51Z",
            "description": "",
            "filesystem": [],
            "folder_id": "b1gr66gumfmr5ua86ol9",
            "fqdn": "fhm43v5fuvvjiace3lp6.auto.internal",
            "gpu_cluster_id": "",
            "hardware_generation": [
              {
                "generation2_features": [],
                "legacy_features": [
                  {
                    "pci_topology": "PCI_TOPOLOGY_V1"
                  }
                ]
              }
            ],
            "hostname": "",
            "id": "fhm43v5fuvvjiace3lp6",
            "labels": {},
            "local_disk": [],
            "maintenance_grace_period": "",
            "maintenance_policy": null,
            "metadata": {
              "ssh-keys": "ubuntu:ssh-ed25519 AAAAC3NzaC1lZDI1NTE5AAAAIB3Mca7fZDWxo7xEE9fG8rOYcNd4CzkEiniV2zsCxtEy sedunovsv@N0005\n"
            },
            "metadata_options": [
              {
                "aws_v1_http_endpoint": 1,
                "aws_v1_http_token": 2,
                "gce_http_endpoint": 1,
                "gce_http_token": 1
              }
            ],
            "name": "nginx-1",
            "network_acceleration_type": "standard",
            "network_interface": [
              {
                "dns_record": [],
                "index": 0,
                "ip_address": "192.168.10.12",
                "ipv4": true,
                "ipv6": false,
                "ipv6_address": "",
                "ipv6_dns_record": [],
                "mac_address": "d0:0d:41:fc:af:f7",
                "nat": true,
                "nat_dns_record": [],
                "nat_ip_address": "178.154.241.95",
                "nat_ip_version": "IPV4",
                "security_group_ids": [
                  "enpmm04lkpqkckenhba2"
                ],
                "subnet_id": "e9b5hij9agq9e7u3fjqj"
              }
            ],
            "placement_policy": [
              {
                "host_affinity_rules": [],
                "placement_group_id": "",
                "placement_group_partition": 0
              }
            ],
            "platform_id": "standard-v1",
            "resources": [
              {
                "core_fraction": 100,
                "cores": 2,
                "gpus": 0,
                "memory": 4
              }
            ],
            "scheduling_policy": [
              {
                "preemptible": false
              }
            ],
            "secondary_disk": [],
            "service_account_id": "",
            "status": "running",
            "timeouts": null,
            "zone": "ru-central1-a"
          },
          "sensitive_attributes": [],
          "identity_schema_version": 0,
          "private": "eyJlMmJmYjczMC1lY2FhLTExZTYtOGY4OC0zNDM2M2JjN2M0YzAiOnsiY3JlYXRlIjozMDAwMDAwMDAwMDAsImRlbGV0ZSI6MzAwMDAwMDAwMDAwLCJ1cGRhdGUiOjMwMDAwMDAwMDAwMH0sInNjaGVtYV92ZXJzaW9uIjoiMSJ9",
          "dependencies": [
            "data.yandex_vpc_network.network",
            "data.yandex_vpc_subnet.subnet",
            "yandex_compute_disk.boot_nginx",
            "yandex_vpc_security_group.nginx_sg"
          ]
        },
        {
          "index_key": 1,
          "schema_version": 1,
          "attributes": {
            "allow_recreate": null,
            "allow_stopping_for_update": null,
            "boot_disk": [
              {
                "auto_delete": true,
                "device_name": "fhm54hnvqq4cmohif521",
                "disk_id": "fhm54hnvqq4cmohif521",
                "initialize_params": [
                  {
                    "block_size": 4096,
                    "description": "",
                    "image_id": "fd808e721rc1vt7jkd0o",
                    "kms_key_id": "",
                    "name": "boot-nginx-2",
                    "size": 20,
                    "snapshot_id": "",
                    "type": "network-hdd"
                  }
                ],
                "mode": "READ_WRITE"
              }
            ],
            "created_at": "2025-12-22T16:10:51Z",
            "description": "",
            "filesystem": [],
            "folder_id": "b1gr66gumfmr5ua86ol9",
            "fqdn": "fhm8k5pdbp2jckmbsd2i.auto.internal",
            "gpu_cluster_id": "",
            "hardware_generation": [
              {
                "generation2_features": [],
                "legacy_features": [
                  {
                    "pci_topology": "PCI_TOPOLOGY_V1"
                  }
                ]
              }
            ],
            "hostname": "",
            "id": "fhm8k5pdbp2jckmbsd2i",
            "labels": {},
            "local_disk": [],
            "maintenance_grace_period": "",
            "maintenance_policy": null,
            "metadata": {
              "ssh-keys": "ubuntu:ssh-ed25519 AAAAC3NzaC1lZDI1NTE5AAAAIB3Mca7fZDWxo7xEE9fG8rOYcNd4CzkEiniV2zsCxtEy sedunovsv@N0005\n"
            },
            "metadata_options": [
              {
                "aws_v1_http_endpoint": 1,
                "aws_v1_http_token": 2,
                "gce_http_endpoint": 1,
                "gce_http_token": 1
              }
            ],
            "name": "nginx-2",
            "network_acceleration_type": "standard",
            "network_interface": [
              {
                "dns_record": [],
                "index": 0,
                "ip_address": "192.168.10.10",
                "ipv4": true,
                "ipv6": false,
                "ipv6_address": "",
                "ipv6_dns_record": [],
                "mac_address": "d0:0d:8a:17:2d:5e",
                "nat": true,
                "nat_dns_record": [],
                "nat_ip_address": "178.154.247.210",
                "nat_ip_version": "IPV4",
                "security_group_ids": [
                  "enpmm04lkpqkckenhba2"
                ],
                "subnet_id": "e9b5hij9agq9e7u3fjqj"
              }
            ],
            "placement_policy": [
              {
                "host_affinity_rules": [],
                "placement_group_id": "",
                "placement_group_partition": 0
              }
            ],
            "platform_id": "standard-v1",
            "resources": [
              {
                "core_fraction": 100,
                "cores": 2,
                "gpus": 0,
                "memory": 4
              }
            ],
            "scheduling_policy": [
              {
                "preemptible": false
              }
            ],
            "secondary_disk": [],
            "service_account_id": "",
            "status": "running",
            "timeouts": null,
            "zone": "ru-central1-a"
          },
          "sensitive_attributes": [],
          "identity_schema_version": 0,
          "private": "eyJlMmJmYjczMC1lY2FhLTExZTYtOGY4OC0zNDM2M2JjN2M0YzAiOnsiY3JlYXRlIjozMDAwMDAwMDAwMDAsImRlbGV0ZSI6MzAwMDAwMDAwMDAwLCJ1cGRhdGUiOjMwMDAwMDAwMDAwMH0sInNjaGVtYV92ZXJzaW9uIjoiMSJ9",
          "dependencies": [
            "data.yandex_vpc_network.network",
            "data.yandex_vpc_subnet.subnet",
            "yandex_compute_disk.boot_nginx",
            "yandex_vpc_security_group.nginx_sg"
          ]
        }
      ]
    },
    {
      "mode": "managed",
      "type": "yandex_compute_instance",
      "name": "salt_master",
      "provider": "provider[\"registry.terraform.io/yandex-cloud/yandex\"]",
      "instances": [
        {
          "schema_version": 1,
          "attributes": {
            "allow_recreate": null,
            "allow_stopping_for_update": null,
            "boot_disk": [
              {
                "auto_delete": true,
                "device_name": "fhmvj5vcdh6umogmmqoc",
                "disk_id": "fhmvj5vcdh6umogmmqoc",
                "initialize_params": [
                  {
                    "block_size": 4096,
                    "description": "",
                    "image_id": "fd808e721rc1vt7jkd0o",
                    "kms_key_id": "",
                    "name": "boot-salt-master",
                    "size": 20,
                    "snapshot_id": "",
                    "type": "network-hdd"
                  }
                ],
                "mode": "READ_WRITE"
              }
            ],
            "created_at": "2025-12-22T16:10:50Z",
            "description": "",
            "filesystem": [],
            "folder_id": "b1gr66gumfmr5ua86ol9",
            "fqdn": "fhmlrqafnhgatrec59q0.auto.internal",
            "gpu_cluster_id": "",
            "hardware_generation": [
              {
                "generation2_features": [],
                "legacy_features": [
                  {
                    "pci_topology": "PCI_TOPOLOGY_V1"
                  }
                ]
              }
            ],
            "hostname": "",
            "id": "fhmlrqafnhgatrec59q0",
            "labels": {},
            "local_disk": [],
            "maintenance_grace_period": "",
            "maintenance_policy": null,
            "metadata": {
              "ssh-keys": "ubuntu:ssh-ed25519 AAAAC3NzaC1lZDI1NTE5AAAAIB3Mca7fZDWxo7xEE9fG8rOYcNd4CzkEiniV2zsCxtEy sedunovsv@N0005\n"
            },
            "metadata_options": [
              {
                "aws_v1_http_endpoint": 1,
                "aws_v1_http_token": 2,
                "gce_http_endpoint": 1,
                "gce_http_token": 1
              }
            ],
            "name": "salt-master",
            "network_acceleration_type": "standard",
            "network_interface": [
              {
                "dns_record": [],
                "index": 0,
                "ip_address": "192.168.10.19",
                "ipv4": true,
                "ipv6": false,
                "ipv6_address": "",
                "ipv6_dns_record": [],
                "mac_address": "d0:0d:15:de:94:fb",
                "nat": true,
                "nat_dns_record": [],
                "nat_ip_address": "130.193.51.250",
                "nat_ip_version": "IPV4",
                "security_group_ids": [
                  "enpgsqfpminfl1moil2o"
                ],
                "subnet_id": "e9b5hij9agq9e7u3fjqj"
              }
            ],
            "placement_policy": [
              {
                "host_affinity_rules": [],
                "placement_group_id": "",
                "placement_group_partition": 0
              }
            ],
            "platform_id": "standard-v1",
            "resources": [
              {
                "core_fraction": 100,
                "cores": 2,
                "gpus": 0,
                "memory": 4
              }
            ],
            "scheduling_policy": [
              {
                "preemptible": false
              }
            ],
            "secondary_disk": [],
            "service_account_id": "",
            "status": "running",
            "timeouts": null,
            "zone": "ru-central1-a"
          },
          "sensitive_attributes": [],
          "identity_schema_version": 0,
          "private": "eyJlMmJmYjczMC1lY2FhLTExZTYtOGY4OC0zNDM2M2JjN2M0YzAiOnsiY3JlYXRlIjozMDAwMDAwMDAwMDAsImRlbGV0ZSI6MzAwMDAwMDAwMDAwLCJ1cGRhdGUiOjMwMDAwMDAwMDAwMH0sInNjaGVtYV92ZXJzaW9uIjoiMSJ9",
          "dependencies": [
            "data.yandex_vpc_network.network",
            "data.yandex_vpc_subnet.subnet",
            "yandex_compute_disk.boot_salt_master",
            "yandex_vpc_security_group.salt_master_sg"
          ]
        }
      ]
    },
    {
      "mode": "managed",
      "type": "yandex_vpc_security_group",
      "name": "backend_sg",
      "provider": "provider[\"registry.terraform.io/yandex-cloud/yandex\"]",
      "instances": [
        {
          "schema_version": 0,
          "attributes": {
            "created_at": "2025-12-22T16:10:42Z",
            "description": "Security group for Backend servers",
            "egress": [
              {
                "description": "Allow all outbound",
                "from_port": -1,
                "id": "enp8fbar11de7ktp791b",
                "labels": {},
                "port": -1,
                "predefined_target": "",
                "protocol": "ANY",
                "security_group_id": "",
                "to_port": -1,
                "v4_cidr_blocks": [
                  "0.0.0.0/0"
                ],
                "v6_cidr_blocks": []
              }
            ],
            "folder_id": "b1gr66gumfmr5ua86ol9",
            "id": "enpe9m69t7ps57l4bj9j",
            "ingress": [
              {
                "description": "Backend port 8000",
                "from_port": -1,
                "id": "enpfihv58a12aknjsu4v",
                "labels": {},
                "port": 8000,
                "predefined_target": "",
                "protocol": "TCP",
                "security_group_id": "",
                "to_port": -1,
                "v4_cidr_blocks": [
                  "192.168.10.0/24"
                ],
                "v6_cidr_blocks": []
              },
              {
                "description": "Backend port 8080",
                "from_port": -1,
                "id": "enppt2vclcqg8b1at4d1",
                "labels": {},
                "port": 8080,
                "predefined_target": "",
                "protocol": "TCP",
                "security_group_id": "",
                "to_port": -1,
                "v4_cidr_blocks": [
                  "192.168.10.0/24"
                ],
                "v6_cidr_blocks": []
              },
              {
                "description": "SSH",
                "from_port": -1,
                "id": "enp705chhjkqnp2qer7f",
                "labels": {},
                "port": 22,
                "predefined_target": "",
                "protocol": "TCP",
                "security_group_id": "",
                "to_port": -1,
                "v4_cidr_blocks": [
                  "0.0.0.0/0"
                ],
                "v6_cidr_blocks": []
              },
              {
                "description": "Salt publish port",
                "from_port": -1,
                "id": "enpvk6n49176bg46pat3",
                "labels": {},
                "port": 4505,
                "predefined_target": "",
                "protocol": "TCP",
                "security_group_id": "",
                "to_port": -1,
                "v4_cidr_blocks": [
                  "192.168.10.0/24"
                ],
                "v6_cidr_blocks": []
              },
              {
                "description": "Salt ret port",
                "from_port": -1,
                "id": "enp0k09ktuqtl6p4hsfp",
                "labels": {},
                "port": 4506,
                "predefined_target": "",
                "protocol": "TCP",
                "security_group_id": "",
                "to_port": -1,
                "v4_cidr_blocks": [
                  "192.168.10.0/24"
                ],
                "v6_cidr_blocks": []
              }
            ],
            "labels": {},
            "name": "backend-sg",
            "network_id": "enprlgcne47bgk34fbdh",
            "status": "ACTIVE",
            "timeouts": null
          },
          "sensitive_attributes": [],
          "identity_schema_version": 0,
          "private": "eyJlMmJmYjczMC1lY2FhLTExZTYtOGY4OC0zNDM2M2JjN2M0YzAiOnsiY3JlYXRlIjoxODAwMDAwMDAwMDAsImRlbGV0ZSI6MTgwMDAwMDAwMDAwLCJ1cGRhdGUiOjE4MDAwMDAwMDAwMH19",
          "dependencies": [
            "data.yandex_vpc_network.network",
            "data.yandex_vpc_subnet.subnet"
          ]
        }
      ]
    },
    {
      "mode": "managed",
      "type": "yandex_vpc_security_group",
      "name": "nginx_sg",
      "provider": "provider[\"registry.terraform.io/yandex-cloud/yandex\"]",
      "instances": [
        {
          "schema_version": 0,
          "attributes": {
            "created_at": "2025-12-22T16:10:44Z",
            "description": "Security group for Nginx servers",
            "egress": [
              {
                "description": "Allow all outbound",
                "from_port": -1,
                "id": "enpsnll4ssdlk2fflm5a",
                "labels": {},
                "port": -1,
                "predefined_target": "",
                "protocol": "ANY",
                "security_group_id": "",
                "to_port": -1,
                "v4_cidr_blocks": [
                  "0.0.0.0/0"
                ],
                "v6_cidr_blocks": []
              }
            ],
            "folder_id": "b1gr66gumfmr5ua86ol9",
            "id": "enpmm04lkpqkckenhba2",
            "ingress": [
              {
                "description": "HTTP",
                "from_port": -1,
                "id": "enp2mgk0d8inmhcgm5lp",
                "labels": {},
                "port": 80,
                "predefined_target": "",
                "protocol": "TCP",
                "security_group_id": "",
                "to_port": -1,
                "v4_cidr_blocks": [
                  "0.0.0.0/0"
                ],
                "v6_cidr_blocks": []
              },
              {
                "description": "HTTPS",
                "from_port": -1,
                "id": "enp0m040q7n08ncp2ujv",
                "labels": {},
                "port": 443,
                "predefined_target": "",
                "protocol": "TCP",
                "security_group_id": "",
                "to_port": -1,
                "v4_cidr_blocks": [
                  "0.0.0.0/0"
                ],
                "v6_cidr_blocks": []
              },
              {
                "description": "SSH",
                "from_port": -1,
                "id": "enpp9gcqb50s492ntvup",
                "labels": {},
                "port": 22,
                "predefined_target": "",
                "protocol": "TCP",
                "security_group_id": "",
                "to_port": -1,
                "v4_cidr_blocks": [
                  "0.0.0.0/0"
                ],
                "v6_cidr_blocks": []
              },
              {
                "description": "Salt publish port",
                "from_port": -1,
                "id": "enpefl41hc912lvi3m71",
                "labels": {},
                "port": 4505,
                "predefined_target": "",
                "protocol": "TCP",
                "security_group_id": "",
                "to_port": -1,
                "v4_cidr_blocks": [
                  "192.168.10.0/24"
                ],
                "v6_cidr_blocks": []
              },
              {
                "description": "Salt ret port",
                "from_port": -1,
                "id": "enp1ck4pl2vv121mch4g",
                "labels": {},
                "port": 4506,
                "predefined_target": "",
                "protocol": "TCP",
                "security_group_id": "",
                "to_port": -1,
                "v4_cidr_blocks": [
                  "192.168.10.0/24"
                ],
                "v6_cidr_blocks": []
              }
            ],
            "labels": {},
            "name": "nginx-sg",
            "network_id": "enprlgcne47bgk34fbdh",
            "status": "ACTIVE",
            "timeouts": null
          },
          "sensitive_attributes": [],
          "identity_schema_version": 0,
          "private": "eyJlMmJmYjczMC1lY2FhLTExZTYtOGY4OC0zNDM2M2JjN2M0YzAiOnsiY3JlYXRlIjoxODAwMDAwMDAwMDAsImRlbGV0ZSI6MTgwMDAwMDAwMDAwLCJ1cGRhdGUiOjE4MDAwMDAwMDAwMH19",
          "dependencies": [
            "data.yandex_vpc_network.network",
            "data.yandex_vpc_subnet.subnet"
          ]
        }
      ]
    },
    {
      "mode": "managed",
      "type": "yandex_vpc_security_group",
      "name": "salt_master_sg",
      "provider": "provider[\"registry.terraform.io/yandex-cloud/yandex\"]",
      "instances": [
        {
          "schema_version": 0,
          "attributes": {
            "created_at": "2025-12-22T16:10:46Z",
            "description": "Security group for Salt Master",
            "egress": [
              {
                "description": "Allow all outbound",
                "from_port": -1,
                "id": "enplujpqoaemp8d2iksk",
                "labels": {},
                "port": -1,
                "predefined_target": "",
                "protocol": "ANY",
                "security_group_id": "",
                "to_port": -1,
                "v4_cidr_blocks": [
                  "0.0.0.0/0"
                ],
                "v6_cidr_blocks": []
              }
            ],
            "folder_id": "b1gr66gumfmr5ua86ol9",
            "id": "enpgsqfpminfl1moil2o",
            "ingress": [
              {
                "description": "SSH",
                "from_port": -1,
                "id": "enp4f2h970nm5fulr603",
                "labels": {},
                "port": 22,
                "predefined_target": "",
                "protocol": "TCP",
                "security_group_id": "",
                "to_port": -1,
                "v4_cidr_blocks": [
                  "0.0.0.0/0"
                ],
                "v6_cidr_blocks": []
              },
              {
                "description": "Salt publish port",
                "from_port": -1,
                "id": "enpjpdktnt5th92vhjhu",
                "labels": {},
                "port": 4505,
                "predefined_target": "",
                "protocol": "TCP",
                "security_group_id": "",
                "to_port": -1,
                "v4_cidr_blocks": [
                  "192.168.10.0/24"
                ],
                "v6_cidr_blocks": []
              },
              {
                "description": "Salt ret port",
                "from_port": -1,
                "id": "enpahel3eic6anr3n7sv",
                "labels": {},
                "port": 4506,
                "predefined_target": "",
                "protocol": "TCP",
                "security_group_id": "",
                "to_port": -1,
                "v4_cidr_blocks": [
                  "192.168.10.0/24"
                ],
                "v6_cidr_blocks": []
              },
              {
                "description": "SaltGUI REST API",
                "from_port": -1,
                "id": "enp6aj0tl1fmqjb6e1va",
                "labels": {},
                "port": 8000,
                "predefined_target": "",
                "protocol": "TCP",
                "security_group_id": "",
                "to_port": -1,
                "v4_cidr_blocks": [
                  "0.0.0.0/0"
                ],
                "v6_cidr_blocks": []
              },
              {
                "description": "SaltGUI Web UI Frontend",
                "from_port": -1,
                "id": "enpe8jsq6tkh4097tvog",
                "labels": {},
                "port": 8001,
                "predefined_target": "",
                "protocol": "TCP",
                "security_group_id": "",
                "to_port": -1,
                "v4_cidr_blocks": [
                  "0.0.0.0/0"
                ],
                "v6_cidr_blocks": []
              }
            ],
            "labels": {},
            "name": "salt-master-sg",
            "network_id": "enprlgcne47bgk34fbdh",
            "status": "ACTIVE",
            "timeouts": null
          },
          "sensitive_attributes": [],
          "identity_schema_version": 0,
          "private": "eyJlMmJmYjczMC1lY2FhLTExZTYtOGY4OC0zNDM2M2JjN2M0YzAiOnsiY3JlYXRlIjoxODAwMDAwMDAwMDAsImRlbGV0ZSI6MTgwMDAwMDAwMDAwLCJ1cGRhdGUiOjE4MDAwMDAwMDAwMH19",
          "dependencies": [
            "data.yandex_vpc_network.network",
            "data.yandex_vpc_subnet.subnet"
          ]
        }
      ]
    }
  ],
  "check_results": null
}
