{
  "version": 4,
  "terraform_version": "1.14.0",
  "serial": 115,
  "lineage": "7be3b6c3-8758-ed88-c8d3-87adfb129f5c",
  "outputs": {
    "app_external_ip": {
      "value": "51.250.15.143",
      "type": "string"
    },
    "app_internal_ip": {
      "value": "192.168.10.34",
      "type": "string"
    },
    "elk_external_ip": {
      "value": "89.169.147.251",
      "type": "string"
    },
    "elk_internal_ip": {
      "value": "192.168.10.30",
      "type": "string"
    },
    "kafka_external_ip": {
      "value": "158.160.40.230",
      "type": "string"
    },
    "kafka_internal_ip": {
      "value": "192.168.10.36",
      "type": "string"
    }
  },
  "resources": [
    {
      "mode": "data",
      "type": "yandex_vpc_network",
      "name": "network",
      "provider": "provider[\"registry.terraform.io/yandex-cloud/yandex\"]",
      "instances": [
        {
          "schema_version": 0,
          "attributes": {
            "created_at": "2025-11-04T15:56:07Z",
            "default_security_group_id": "enpejfscic1mrkkgcuql",
            "description": "",
            "folder_id": "b1gr66gumfmr5ua86ol9",
            "id": "enprlgcne47bgk34fbdh",
            "labels": {},
            "name": "otus-network",
            "network_id": "enprlgcne47bgk34fbdh",
            "subnet_ids": [
              "e9b5hij9agq9e7u3fjqj"
            ]
          },
          "sensitive_attributes": [],
          "identity_schema_version": 0
        }
      ]
    },
    {
      "mode": "data",
      "type": "yandex_vpc_subnet",
      "name": "subnet",
      "provider": "provider[\"registry.terraform.io/yandex-cloud/yandex\"]",
      "instances": [
        {
          "schema_version": 0,
          "attributes": {
            "created_at": "2025-11-04T15:56:09Z",
            "description": "",
            "dhcp_options": [],
            "folder_id": "b1gr66gumfmr5ua86ol9",
            "id": "e9b5hij9agq9e7u3fjqj",
            "labels": {},
            "name": "otus-subnet",
            "network_id": "enprlgcne47bgk34fbdh",
            "route_table_id": "",
            "subnet_id": "e9b5hij9agq9e7u3fjqj",
            "v4_cidr_blocks": [
              "192.168.10.0/24"
            ],
            "v6_cidr_blocks": [],
            "zone": "ru-central1-a"
          },
          "sensitive_attributes": [],
          "identity_schema_version": 0
        }
      ]
    },
    {
      "mode": "managed",
      "type": "local_file",
      "name": "ansible_inventory",
      "provider": "provider[\"registry.terraform.io/hashicorp/local\"]",
      "instances": [
        {
          "schema_version": 0,
          "attributes": {
            "content": "[kafka]\nkafka ansible_host=158.160.40.230 ansible_user=ubuntu\n\n[elk]\nelk ansible_host=89.169.147.251 ansible_user=ubuntu\n\n[app]\napp ansible_host=51.250.15.143 ansible_user=ubuntu\n\n[all:vars]\nansible_ssh_private_key_file=/home/sedunovsv/.ssh/id_ed25519\n",
            "content_base64": null,
            "content_base64sha256": "L8SqRC9bl/+mbp+cYGzEBIhScAba8kJo3luK0uNzlzE=",
            "content_base64sha512": "6m/SpOwluv3/D/F5Vj0eT8XSHqAfv0z68HgriOBM/ITkT/nzaoumqX9YdoQR/IwTU19ylMp276dkNKy3gYdkRg==",
            "content_md5": "b4ce7922af8373e74e1300f1f1e607d7",
            "content_sha1": "199ff3e00c2f5b9e886ab026315c8a457daab757",
            "content_sha256": "2fc4aa442f5b97ffa66e9f9c606cc40488527006daf24268de5b8ad2e3739731",
            "content_sha512": "ea6fd2a4ec25bafdff0ff179563d1e4fc5d21ea01fbf4cfaf0782b88e04cfc84e44ff9f36a8ba6a97f58768411fc8c13535f7294ca76efa76434acb781876446",
            "directory_permission": "0777",
            "file_permission": "0777",
            "filename": "./../ansible/inventory.ini",
            "id": "199ff3e00c2f5b9e886ab026315c8a457daab757",
            "sensitive_content": null,
            "source": null
          },
          "sensitive_attributes": [
            [
              {
                "type": "get_attr",
                "value": "sensitive_content"
              }
            ]
          ],
          "identity_schema_version": 0,
          "dependencies": [
            "data.yandex_vpc_subnet.subnet",
            "yandex_compute_disk.boot_app",
            "yandex_compute_disk.boot_elk",
            "yandex_compute_disk.boot_kafka",
            "yandex_compute_instance.app",
            "yandex_compute_instance.elk",
            "yandex_compute_instance.kafka"
          ]
        }
      ]
    },
    {
      "mode": "managed",
      "type": "yandex_compute_disk",
      "name": "boot_app",
      "provider": "provider[\"registry.terraform.io/yandex-cloud/yandex\"]",
      "instances": [
        {
          "schema_version": 0,
          "attributes": {
            "allow_recreate": null,
            "block_size": 4096,
            "created_at": "2025-11-04T17:49:42Z",
            "description": "",
            "disk_placement_policy": [
              {
                "disk_placement_group_id": ""
              }
            ],
            "folder_id": "b1gr66gumfmr5ua86ol9",
            "hardware_generation": [
              {
                "generation2_features": [],
                "legacy_features": [
                  {
                    "pci_topology": "PCI_TOPOLOGY_V1"
                  }
                ]
              }
            ],
            "id": "fhm1rkti2sitq1a92oho",
            "image_id": "fd808e721rc1vt7jkd0o",
            "kms_key_id": null,
            "labels": {},
            "name": "boot-app",
            "product_ids": [
              "f2e8r6k9f9dsnn65dcf8"
            ],
            "size": 20,
            "snapshot_id": "",
            "status": "ready",
            "timeouts": null,
            "type": "network-hdd",
            "zone": "ru-central1-a"
          },
          "sensitive_attributes": [],
          "identity_schema_version": 0,
          "private": "eyJlMmJmYjczMC1lY2FhLTExZTYtOGY4OC0zNDM2M2JjN2M0YzAiOnsiY3JlYXRlIjozMDAwMDAwMDAwMDAsImRlbGV0ZSI6MzAwMDAwMDAwMDAwLCJ1cGRhdGUiOjMwMDAwMDAwMDAwMH19"
        }
      ]
    },
    {
      "mode": "managed",
      "type": "yandex_compute_disk",
      "name": "boot_elk",
      "provider": "provider[\"registry.terraform.io/yandex-cloud/yandex\"]",
      "instances": [
        {
          "schema_version": 0,
          "attributes": {
            "allow_recreate": null,
            "block_size": 4096,
            "created_at": "2025-11-04T17:49:42Z",
            "description": "",
            "disk_placement_policy": [
              {
                "disk_placement_group_id": ""
              }
            ],
            "folder_id": "b1gr66gumfmr5ua86ol9",
            "hardware_generation": [
              {
                "generation2_features": [],
                "legacy_features": [
                  {
                    "pci_topology": "PCI_TOPOLOGY_V1"
                  }
                ]
              }
            ],
            "id": "fhman3j0e209lcnng0cc",
            "image_id": "fd808e721rc1vt7jkd0o",
            "kms_key_id": null,
            "labels": {},
            "name": "boot-elk",
            "product_ids": [
              "f2e8r6k9f9dsnn65dcf8"
            ],
            "size": 20,
            "snapshot_id": "",
            "status": "ready",
            "timeouts": null,
            "type": "network-hdd",
            "zone": "ru-central1-a"
          },
          "sensitive_attributes": [],
          "identity_schema_version": 0,
          "private": "eyJlMmJmYjczMC1lY2FhLTExZTYtOGY4OC0zNDM2M2JjN2M0YzAiOnsiY3JlYXRlIjozMDAwMDAwMDAwMDAsImRlbGV0ZSI6MzAwMDAwMDAwMDAwLCJ1cGRhdGUiOjMwMDAwMDAwMDAwMH19"
        }
      ]
    },
    {
      "mode": "managed",
      "type": "yandex_compute_disk",
      "name": "boot_kafka",
      "provider": "provider[\"registry.terraform.io/yandex-cloud/yandex\"]",
      "instances": [
        {
          "schema_version": 0,
          "attributes": {
            "allow_recreate": null,
            "block_size": 4096,
            "created_at": "2025-11-04T17:49:42Z",
            "description": "",
            "disk_placement_policy": [
              {
                "disk_placement_group_id": ""
              }
            ],
            "folder_id": "b1gr66gumfmr5ua86ol9",
            "hardware_generation": [
              {
                "generation2_features": [],
                "legacy_features": [
                  {
                    "pci_topology": "PCI_TOPOLOGY_V1"
                  }
                ]
              }
            ],
            "id": "fhmu4hf50lqm3vuf2gk2",
            "image_id": "fd808e721rc1vt7jkd0o",
            "kms_key_id": null,
            "labels": {},
            "name": "boot-kafka",
            "product_ids": [
              "f2e8r6k9f9dsnn65dcf8"
            ],
            "size": 20,
            "snapshot_id": "",
            "status": "ready",
            "timeouts": null,
            "type": "network-hdd",
            "zone": "ru-central1-a"
          },
          "sensitive_attributes": [],
          "identity_schema_version": 0,
          "private": "eyJlMmJmYjczMC1lY2FhLTExZTYtOGY4OC0zNDM2M2JjN2M0YzAiOnsiY3JlYXRlIjozMDAwMDAwMDAwMDAsImRlbGV0ZSI6MzAwMDAwMDAwMDAwLCJ1cGRhdGUiOjMwMDAwMDAwMDAwMH19"
        }
      ]
    },
    {
      "mode": "managed",
      "type": "yandex_compute_instance",
      "name": "app",
      "provider": "provider[\"registry.terraform.io/yandex-cloud/yandex\"]",
      "instances": [
        {
          "schema_version": 1,
          "attributes": {
            "allow_recreate": null,
            "allow_stopping_for_update": null,
            "boot_disk": [
              {
                "auto_delete": true,
                "device_name": "fhm1rkti2sitq1a92oho",
                "disk_id": "fhm1rkti2sitq1a92oho",
                "initialize_params": [
                  {
                    "block_size": 4096,
                    "description": "",
                    "image_id": "fd808e721rc1vt7jkd0o",
                    "kms_key_id": "",
                    "name": "boot-app",
                    "size": 20,
                    "snapshot_id": "",
                    "type": "network-hdd"
                  }
                ],
                "mode": "READ_WRITE"
              }
            ],
            "created_at": "2025-11-04T17:50:31Z",
            "description": "",
            "filesystem": [],
            "folder_id": "b1gr66gumfmr5ua86ol9",
            "fqdn": "fhmkl8uj23t7qrohcqco.auto.internal",
            "gpu_cluster_id": "",
            "hardware_generation": [
              {
                "generation2_features": [],
                "legacy_features": [
                  {
                    "pci_topology": "PCI_TOPOLOGY_V1"
                  }
                ]
              }
            ],
            "hostname": "",
            "id": "fhmkl8uj23t7qrohcqco",
            "labels": {},
            "local_disk": [],
            "maintenance_grace_period": "",
            "maintenance_policy": null,
            "metadata": {
              "ssh-keys": "ubuntu:ssh-ed25519 AAAAC3NzaC1lZDI1NTE5AAAAIB3Mca7fZDWxo7xEE9fG8rOYcNd4CzkEiniV2zsCxtEy sedunovsv@N0005\n"
            },
            "metadata_options": [
              {
                "aws_v1_http_endpoint": 1,
                "aws_v1_http_token": 2,
                "gce_http_endpoint": 1,
                "gce_http_token": 1
              }
            ],
            "name": "app-node",
            "network_acceleration_type": "standard",
            "network_interface": [
              {
                "dns_record": [],
                "index": 0,
                "ip_address": "192.168.10.34",
                "ipv4": true,
                "ipv6": false,
                "ipv6_address": "",
                "ipv6_dns_record": [],
                "mac_address": "d0:0d:14:aa:3d:31",
                "nat": true,
                "nat_dns_record": [],
                "nat_ip_address": "51.250.15.143",
                "nat_ip_version": "IPV4",
                "security_group_ids": [],
                "subnet_id": "e9b5hij9agq9e7u3fjqj"
              }
            ],
            "placement_policy": [
              {
                "host_affinity_rules": [],
                "placement_group_id": "",
                "placement_group_partition": 0
              }
            ],
            "platform_id": "standard-v1",
            "resources": [
              {
                "core_fraction": 100,
                "cores": 2,
                "gpus": 0,
                "memory": 4
              }
            ],
            "scheduling_policy": [
              {
                "preemptible": false
              }
            ],
            "secondary_disk": [],
            "service_account_id": "",
            "status": "running",
            "timeouts": null,
            "zone": "ru-central1-a"
          },
          "sensitive_attributes": [],
          "identity_schema_version": 0,
          "private": "eyJlMmJmYjczMC1lY2FhLTExZTYtOGY4OC0zNDM2M2JjN2M0YzAiOnsiY3JlYXRlIjozMDAwMDAwMDAwMDAsImRlbGV0ZSI6MzAwMDAwMDAwMDAwLCJ1cGRhdGUiOjMwMDAwMDAwMDAwMH0sInNjaGVtYV92ZXJzaW9uIjoiMSJ9",
          "dependencies": [
            "data.yandex_vpc_subnet.subnet",
            "yandex_compute_disk.boot_app"
          ]
        }
      ]
    },
    {
      "mode": "managed",
      "type": "yandex_compute_instance",
      "name": "elk",
      "provider": "provider[\"registry.terraform.io/yandex-cloud/yandex\"]",
      "instances": [
        {
          "schema_version": 1,
          "attributes": {
            "allow_recreate": null,
            "allow_stopping_for_update": null,
            "boot_disk": [
              {
                "auto_delete": true,
                "device_name": "fhman3j0e209lcnng0cc",
                "disk_id": "fhman3j0e209lcnng0cc",
                "initialize_params": [
                  {
                    "block_size": 4096,
                    "description": "",
                    "image_id": "fd808e721rc1vt7jkd0o",
                    "kms_key_id": "",
                    "name": "boot-elk",
                    "size": 20,
                    "snapshot_id": "",
                    "type": "network-hdd"
                  }
                ],
                "mode": "READ_WRITE"
              }
            ],
            "created_at": "2025-11-04T17:50:31Z",
            "description": "",
            "filesystem": [],
            "folder_id": "b1gr66gumfmr5ua86ol9",
            "fqdn": "fhmejupa4c6nb1b9gps7.auto.internal",
            "gpu_cluster_id": "",
            "hardware_generation": [
              {
                "generation2_features": [],
                "legacy_features": [
                  {
                    "pci_topology": "PCI_TOPOLOGY_V1"
                  }
                ]
              }
            ],
            "hostname": "",
            "id": "fhmejupa4c6nb1b9gps7",
            "labels": {},
            "local_disk": [],
            "maintenance_grace_period": "",
            "maintenance_policy": null,
            "metadata": {
              "ssh-keys": "ubuntu:ssh-ed25519 AAAAC3NzaC1lZDI1NTE5AAAAIB3Mca7fZDWxo7xEE9fG8rOYcNd4CzkEiniV2zsCxtEy sedunovsv@N0005\n"
            },
            "metadata_options": [
              {
                "aws_v1_http_endpoint": 1,
                "aws_v1_http_token": 2,
                "gce_http_endpoint": 1,
                "gce_http_token": 1
              }
            ],
            "name": "elk-node",
            "network_acceleration_type": "standard",
            "network_interface": [
              {
                "dns_record": [],
                "index": 0,
                "ip_address": "192.168.10.30",
                "ipv4": true,
                "ipv6": false,
                "ipv6_address": "",
                "ipv6_dns_record": [],
                "mac_address": "d0:0d:e9:fb:2a:23",
                "nat": true,
                "nat_dns_record": [],
                "nat_ip_address": "89.169.147.251",
                "nat_ip_version": "IPV4",
                "security_group_ids": [],
                "subnet_id": "e9b5hij9agq9e7u3fjqj"
              }
            ],
            "placement_policy": [
              {
                "host_affinity_rules": [],
                "placement_group_id": "",
                "placement_group_partition": 0
              }
            ],
            "platform_id": "standard-v1",
            "resources": [
              {
                "core_fraction": 100,
                "cores": 4,
                "gpus": 0,
                "memory": 8
              }
            ],
            "scheduling_policy": [
              {
                "preemptible": false
              }
            ],
            "secondary_disk": [],
            "service_account_id": "",
            "status": "running",
            "timeouts": null,
            "zone": "ru-central1-a"
          },
          "sensitive_attributes": [],
          "identity_schema_version": 0,
          "private": "eyJlMmJmYjczMC1lY2FhLTExZTYtOGY4OC0zNDM2M2JjN2M0YzAiOnsiY3JlYXRlIjozMDAwMDAwMDAwMDAsImRlbGV0ZSI6MzAwMDAwMDAwMDAwLCJ1cGRhdGUiOjMwMDAwMDAwMDAwMH0sInNjaGVtYV92ZXJzaW9uIjoiMSJ9",
          "dependencies": [
            "data.yandex_vpc_subnet.subnet",
            "yandex_compute_disk.boot_elk"
          ]
        }
      ]
    },
    {
      "mode": "managed",
      "type": "yandex_compute_instance",
      "name": "kafka",
      "provider": "provider[\"registry.terraform.io/yandex-cloud/yandex\"]",
      "instances": [
        {
          "schema_version": 1,
          "attributes": {
            "allow_recreate": null,
            "allow_stopping_for_update": null,
            "boot_disk": [
              {
                "auto_delete": true,
                "device_name": "fhmu4hf50lqm3vuf2gk2",
                "disk_id": "fhmu4hf50lqm3vuf2gk2",
                "initialize_params": [
                  {
                    "block_size": 4096,
                    "description": "",
                    "image_id": "fd808e721rc1vt7jkd0o",
                    "kms_key_id": "",
                    "name": "boot-kafka",
                    "size": 20,
                    "snapshot_id": "",
                    "type": "network-hdd"
                  }
                ],
                "mode": "READ_WRITE"
              }
            ],
            "created_at": "2025-11-04T17:50:31Z",
            "description": "",
            "filesystem": [],
            "folder_id": "b1gr66gumfmr5ua86ol9",
            "fqdn": "fhm0ofq9nq99ecftd67a.auto.internal",
            "gpu_cluster_id": "",
            "hardware_generation": [
              {
                "generation2_features": [],
                "legacy_features": [
                  {
                    "pci_topology": "PCI_TOPOLOGY_V1"
                  }
                ]
              }
            ],
            "hostname": "",
            "id": "fhm0ofq9nq99ecftd67a",
            "labels": {},
            "local_disk": [],
            "maintenance_grace_period": "",
            "maintenance_policy": null,
            "metadata": {
              "ssh-keys": "ubuntu:ssh-ed25519 AAAAC3NzaC1lZDI1NTE5AAAAIB3Mca7fZDWxo7xEE9fG8rOYcNd4CzkEiniV2zsCxtEy sedunovsv@N0005\n"
            },
            "metadata_options": [
              {
                "aws_v1_http_endpoint": 1,
                "aws_v1_http_token": 2,
                "gce_http_endpoint": 1,
                "gce_http_token": 1
              }
            ],
            "name": "kafka-node",
            "network_acceleration_type": "standard",
            "network_interface": [
              {
                "dns_record": [],
                "index": 0,
                "ip_address": "192.168.10.36",
                "ipv4": true,
                "ipv6": false,
                "ipv6_address": "",
                "ipv6_dns_record": [],
                "mac_address": "d0:0d:c3:f4:9b:e9",
                "nat": true,
                "nat_dns_record": [],
                "nat_ip_address": "158.160.40.230",
                "nat_ip_version": "IPV4",
                "security_group_ids": [],
                "subnet_id": "e9b5hij9agq9e7u3fjqj"
              }
            ],
            "placement_policy": [
              {
                "host_affinity_rules": [],
                "placement_group_id": "",
                "placement_group_partition": 0
              }
            ],
            "platform_id": "standard-v1",
            "resources": [
              {
                "core_fraction": 100,
                "cores": 4,
                "gpus": 0,
                "memory": 4
              }
            ],
            "scheduling_policy": [
              {
                "preemptible": false
              }
            ],
            "secondary_disk": [],
            "service_account_id": "",
            "status": "running",
            "timeouts": null,
            "zone": "ru-central1-a"
          },
          "sensitive_attributes": [],
          "identity_schema_version": 0,
          "private": "eyJlMmJmYjczMC1lY2FhLTExZTYtOGY4OC0zNDM2M2JjN2M0YzAiOnsiY3JlYXRlIjozMDAwMDAwMDAwMDAsImRlbGV0ZSI6MzAwMDAwMDAwMDAwLCJ1cGRhdGUiOjMwMDAwMDAwMDAwMH0sInNjaGVtYV92ZXJzaW9uIjoiMSJ9",
          "dependencies": [
            "data.yandex_vpc_subnet.subnet",
            "yandex_compute_disk.boot_kafka"
          ]
        }
      ]
    }
  ],
  "check_results": null
}
