{
  "version": 4,
  "terraform_version": "1.14.0",
  "serial": 12,
  "lineage": "e3cccc55-419f-fd88-cb5b-cf0ac33eaa6b",
  "outputs": {
    "frontend_lb_ip": {
      "value": "158.160.176.25",
      "type": "string"
    },
    "master_public_ip": {
      "value": "130.193.39.66",
      "type": "string"
    },
    "worker_public_ips": {
      "value": [
        "158.160.107.53",
        "178.154.206.139"
      ],
      "type": [
        "tuple",
        [
          "string",
          "string"
        ]
      ]
    }
  },
  "resources": [
    {
      "mode": "data",
      "type": "yandex_compute_image",
      "name": "ubuntu",
      "provider": "provider[\"registry.terraform.io/yandex-cloud/yandex\"]",
      "instances": [
        {
          "schema_version": 0,
          "attributes": {
            "created_at": "2025-12-22T11:27:35Z",
            "description": "Ubuntu 20.04 lts v20251219012801",
            "family": "ubuntu-2004-lts",
            "folder_id": "standard-images",
            "hardware_generation": [
              {
                "generation2_features": [],
                "legacy_features": [
                  {
                    "pci_topology": "PCI_TOPOLOGY_V2"
                  }
                ]
              }
            ],
            "id": "fd80qfulavuogejn8r69",
            "image_id": "fd80qfulavuogejn8r69",
            "kms_key_id": null,
            "labels": {
              "version": "20251219012801",
              "x-hopper-operation-id": "d9p59spoobc94rfibmv3",
              "x-hopper-source-image-id": "fd8sav7fpp9s1h1f22mo"
            },
            "min_disk_size": 5,
            "name": "ubuntu-20-04-lts-v20251222",
            "os_type": "linux",
            "pooled": true,
            "product_ids": [
              "f2ef5vfak52q41es615p"
            ],
            "size": 2,
            "status": "ready"
          },
          "sensitive_attributes": [],
          "identity_schema_version": 0
        }
      ]
    },
    {
      "mode": "data",
      "type": "yandex_vpc_network",
      "name": "this",
      "provider": "provider[\"registry.terraform.io/yandex-cloud/yandex\"]",
      "instances": [
        {
          "schema_version": 0,
          "attributes": {
            "created_at": "2025-11-04T15:56:07Z",
            "default_security_group_id": "enpejfscic1mrkkgcuql",
            "description": "",
            "folder_id": "b1gr66gumfmr5ua86ol9",
            "id": "enprlgcne47bgk34fbdh",
            "labels": {},
            "name": "otus-network",
            "network_id": "enprlgcne47bgk34fbdh",
            "subnet_ids": [
              "e9b5hij9agq9e7u3fjqj"
            ]
          },
          "sensitive_attributes": [],
          "identity_schema_version": 0
        }
      ]
    },
    {
      "mode": "data",
      "type": "yandex_vpc_subnet",
      "name": "this",
      "provider": "provider[\"registry.terraform.io/yandex-cloud/yandex\"]",
      "instances": [
        {
          "schema_version": 0,
          "attributes": {
            "created_at": "2025-11-04T15:56:09Z",
            "description": "",
            "dhcp_options": [],
            "folder_id": "b1gr66gumfmr5ua86ol9",
            "id": "e9b5hij9agq9e7u3fjqj",
            "labels": {},
            "name": "otus-subnet",
            "network_id": "enprlgcne47bgk34fbdh",
            "route_table_id": "",
            "subnet_id": "e9b5hij9agq9e7u3fjqj",
            "v4_cidr_blocks": [
              "192.168.10.0/24"
            ],
            "v6_cidr_blocks": [],
            "zone": "ru-central1-a"
          },
          "sensitive_attributes": [],
          "identity_schema_version": 0
        }
      ]
    },
    {
      "mode": "managed",
      "type": "local_file",
      "name": "inventory",
      "provider": "provider[\"registry.terraform.io/hashicorp/local\"]",
      "instances": [
        {
          "schema_version": 0,
          "attributes": {
            "content": "[master]\nmaster-1 ansible_host=130.193.39.66 ansible_user=ubuntu\n\n[worker]\nworker-1 ansible_host=158.160.107.53 ansible_user=ubuntu\nworker-2 ansible_host=178.154.206.139 ansible_user=ubuntu\n\n[k8s:children]\nmaster\nworker\n\n",
            "content_base64": null,
            "content_base64sha256": "tLzNid6qclDlbHjMNYdhddtdynPdgoc7OFp15n2GflM=",
            "content_base64sha512": "F0v4kbj6f8hyOV1odFOjkLsSmuewsOOaJrGvI4vCxfSrWtBA8h0/su1ri2Fgg0i0jLqVT2hZEEvsw5xYG597Wg==",
            "content_md5": "07a096a4f3d8a13878bb7177434e4bae",
            "content_sha1": "a7357ef52a560b88a920f397cf3cd7d1ca65233a",
            "content_sha256": "b4bccd89deaa7250e56c78cc35876175db5dca73dd82873b385a75e67d867e53",
            "content_sha512": "174bf891b8fa7fc872395d687453a390bb129ae7b0b0e39a26b1af238bc2c5f4ab5ad040f21d3fb2ed6b8b61608348b48cba954f6859104becc39c581b9f7b5a",
            "directory_permission": "0777",
            "file_permission": "0777",
            "filename": "./../ansible/inventory.ini",
            "id": "a7357ef52a560b88a920f397cf3cd7d1ca65233a",
            "sensitive_content": null,
            "source": null
          },
          "sensitive_attributes": [
            [
              {
                "type": "get_attr",
                "value": "sensitive_content"
              }
            ]
          ],
          "identity_schema_version": 0,
          "dependencies": [
            "data.yandex_compute_image.ubuntu",
            "data.yandex_vpc_network.this",
            "data.yandex_vpc_subnet.this",
            "yandex_compute_instance.master",
            "yandex_compute_instance.worker",
            "yandex_vpc_security_group.k8s"
          ]
        }
      ]
    },
    {
      "mode": "managed",
      "type": "yandex_compute_instance",
      "name": "master",
      "provider": "provider[\"registry.terraform.io/yandex-cloud/yandex\"]",
      "instances": [
        {
          "schema_version": 1,
          "attributes": {
            "allow_recreate": null,
            "allow_stopping_for_update": null,
            "boot_disk": [
              {
                "auto_delete": true,
                "device_name": "fhm5mffar8lu3ueatiig",
                "disk_id": "fhm5mffar8lu3ueatiig",
                "initialize_params": [
                  {
                    "block_size": 4096,
                    "description": "",
                    "image_id": "fd80qfulavuogejn8r69",
                    "kms_key_id": "",
                    "name": "",
                    "size": 20,
                    "snapshot_id": "",
                    "type": "network-ssd"
                  }
                ],
                "mode": "READ_WRITE"
              }
            ],
            "created_at": "2025-12-23T15:07:42Z",
            "description": "",
            "filesystem": [],
            "folder_id": "b1gr66gumfmr5ua86ol9",
            "fqdn": "fhm0e399cckv2222n8jv.auto.internal",
            "gpu_cluster_id": "",
            "hardware_generation": [
              {
                "generation2_features": [],
                "legacy_features": [
                  {
                    "pci_topology": "PCI_TOPOLOGY_V2"
                  }
                ]
              }
            ],
            "hostname": "",
            "id": "fhm0e399cckv2222n8jv",
            "labels": {},
            "local_disk": [],
            "maintenance_grace_period": "",
            "maintenance_policy": null,
            "metadata": {
              "ssh-keys": "ubuntu:ssh-ed25519 AAAAC3NzaC1lZDI1NTE5AAAAIB3Mca7fZDWxo7xEE9fG8rOYcNd4CzkEiniV2zsCxtEy sedunovsv@N0005\n"
            },
            "metadata_options": [
              {
                "aws_v1_http_endpoint": 1,
                "aws_v1_http_token": 2,
                "gce_http_endpoint": 1,
                "gce_http_token": 1
              }
            ],
            "name": "k8s-master-1",
            "network_acceleration_type": "standard",
            "network_interface": [
              {
                "dns_record": [],
                "index": 0,
                "ip_address": "192.168.10.5",
                "ipv4": true,
                "ipv6": false,
                "ipv6_address": "",
                "ipv6_dns_record": [],
                "mac_address": "d0:0d:70:d2:96:32",
                "nat": true,
                "nat_dns_record": [],
                "nat_ip_address": "130.193.39.66",
                "nat_ip_version": "IPV4",
                "security_group_ids": [
                  "enppiiinok2no90178nt"
                ],
                "subnet_id": "e9b5hij9agq9e7u3fjqj"
              }
            ],
            "placement_policy": [
              {
                "host_affinity_rules": [],
                "placement_group_id": "",
                "placement_group_partition": 0
              }
            ],
            "platform_id": "standard-v2",
            "resources": [
              {
                "core_fraction": 100,
                "cores": 2,
                "gpus": 0,
                "memory": 4
              }
            ],
            "scheduling_policy": [
              {
                "preemptible": false
              }
            ],
            "secondary_disk": [],
            "service_account_id": "",
            "status": "running",
            "timeouts": null,
            "zone": "ru-central1-a"
          },
          "sensitive_attributes": [],
          "identity_schema_version": 0,
          "private": "eyJlMmJmYjczMC1lY2FhLTExZTYtOGY4OC0zNDM2M2JjN2M0YzAiOnsiY3JlYXRlIjozMDAwMDAwMDAwMDAsImRlbGV0ZSI6MzAwMDAwMDAwMDAwLCJ1cGRhdGUiOjMwMDAwMDAwMDAwMH0sInNjaGVtYV92ZXJzaW9uIjoiMSJ9",
          "dependencies": [
            "data.yandex_compute_image.ubuntu",
            "data.yandex_vpc_network.this",
            "data.yandex_vpc_subnet.this",
            "yandex_vpc_security_group.k8s"
          ]
        }
      ]
    },
    {
      "mode": "managed",
      "type": "yandex_compute_instance",
      "name": "worker",
      "provider": "provider[\"registry.terraform.io/yandex-cloud/yandex\"]",
      "instances": [
        {
          "index_key": 0,
          "schema_version": 1,
          "attributes": {
            "allow_recreate": null,
            "allow_stopping_for_update": null,
            "boot_disk": [
              {
                "auto_delete": true,
                "device_name": "fhmnj0hd7nho9tonuqni",
                "disk_id": "fhmnj0hd7nho9tonuqni",
                "initialize_params": [
                  {
                    "block_size": 4096,
                    "description": "",
                    "image_id": "fd80qfulavuogejn8r69",
                    "kms_key_id": "",
                    "name": "",
                    "size": 20,
                    "snapshot_id": "",
                    "type": "network-ssd"
                  }
                ],
                "mode": "READ_WRITE"
              }
            ],
            "created_at": "2025-12-23T15:07:42Z",
            "description": "",
            "filesystem": [],
            "folder_id": "b1gr66gumfmr5ua86ol9",
            "fqdn": "fhm8es1837j0eh1pn87n.auto.internal",
            "gpu_cluster_id": "",
            "hardware_generation": [
              {
                "generation2_features": [],
                "legacy_features": [
                  {
                    "pci_topology": "PCI_TOPOLOGY_V2"
                  }
                ]
              }
            ],
            "hostname": "",
            "id": "fhm8es1837j0eh1pn87n",
            "labels": {},
            "local_disk": [],
            "maintenance_grace_period": "",
            "maintenance_policy": null,
            "metadata": {
              "ssh-keys": "ubuntu:ssh-ed25519 AAAAC3NzaC1lZDI1NTE5AAAAIB3Mca7fZDWxo7xEE9fG8rOYcNd4CzkEiniV2zsCxtEy sedunovsv@N0005\n"
            },
            "metadata_options": [
              {
                "aws_v1_http_endpoint": 1,
                "aws_v1_http_token": 2,
                "gce_http_endpoint": 1,
                "gce_http_token": 1
              }
            ],
            "name": "k8s-worker-1",
            "network_acceleration_type": "standard",
            "network_interface": [
              {
                "dns_record": [],
                "index": 0,
                "ip_address": "192.168.10.14",
                "ipv4": true,
                "ipv6": false,
                "ipv6_address": "",
                "ipv6_dns_record": [],
                "mac_address": "d0:0d:87:70:28:19",
                "nat": true,
                "nat_dns_record": [],
                "nat_ip_address": "158.160.107.53",
                "nat_ip_version": "IPV4",
                "security_group_ids": [
                  "enppiiinok2no90178nt"
                ],
                "subnet_id": "e9b5hij9agq9e7u3fjqj"
              }
            ],
            "placement_policy": [
              {
                "host_affinity_rules": [],
                "placement_group_id": "",
                "placement_group_partition": 0
              }
            ],
            "platform_id": "standard-v2",
            "resources": [
              {
                "core_fraction": 100,
                "cores": 2,
                "gpus": 0,
                "memory": 4
              }
            ],
            "scheduling_policy": [
              {
                "preemptible": false
              }
            ],
            "secondary_disk": [],
            "service_account_id": "",
            "status": "running",
            "timeouts": null,
            "zone": "ru-central1-a"
          },
          "sensitive_attributes": [],
          "identity_schema_version": 0,
          "private": "eyJlMmJmYjczMC1lY2FhLTExZTYtOGY4OC0zNDM2M2JjN2M0YzAiOnsiY3JlYXRlIjozMDAwMDAwMDAwMDAsImRlbGV0ZSI6MzAwMDAwMDAwMDAwLCJ1cGRhdGUiOjMwMDAwMDAwMDAwMH0sInNjaGVtYV92ZXJzaW9uIjoiMSJ9",
          "dependencies": [
            "data.yandex_compute_image.ubuntu",
            "data.yandex_vpc_network.this",
            "data.yandex_vpc_subnet.this",
            "yandex_vpc_security_group.k8s"
          ]
        },
        {
          "index_key": 1,
          "schema_version": 1,
          "attributes": {
            "allow_recreate": null,
            "allow_stopping_for_update": null,
            "boot_disk": [
              {
                "auto_delete": true,
                "device_name": "fhmbsr0hc696u3e93f6a",
                "disk_id": "fhmbsr0hc696u3e93f6a",
                "initialize_params": [
                  {
                    "block_size": 4096,
                    "description": "",
                    "image_id": "fd80qfulavuogejn8r69",
                    "kms_key_id": "",
                    "name": "",
                    "size": 20,
                    "snapshot_id": "",
                    "type": "network-ssd"
                  }
                ],
                "mode": "READ_WRITE"
              }
            ],
            "created_at": "2025-12-23T15:07:42Z",
            "description": "",
            "filesystem": [],
            "folder_id": "b1gr66gumfmr5ua86ol9",
            "fqdn": "fhms0m3uvqu6prad50vo.auto.internal",
            "gpu_cluster_id": "",
            "hardware_generation": [
              {
                "generation2_features": [],
                "legacy_features": [
                  {
                    "pci_topology": "PCI_TOPOLOGY_V2"
                  }
                ]
              }
            ],
            "hostname": "",
            "id": "fhms0m3uvqu6prad50vo",
            "labels": {},
            "local_disk": [],
            "maintenance_grace_period": "",
            "maintenance_policy": null,
            "metadata": {
              "ssh-keys": "ubuntu:ssh-ed25519 AAAAC3NzaC1lZDI1NTE5AAAAIB3Mca7fZDWxo7xEE9fG8rOYcNd4CzkEiniV2zsCxtEy sedunovsv@N0005\n"
            },
            "metadata_options": [
              {
                "aws_v1_http_endpoint": 1,
                "aws_v1_http_token": 2,
                "gce_http_endpoint": 1,
                "gce_http_token": 1
              }
            ],
            "name": "k8s-worker-2",
            "network_acceleration_type": "standard",
            "network_interface": [
              {
                "dns_record": [],
                "index": 0,
                "ip_address": "192.168.10.27",
                "ipv4": true,
                "ipv6": false,
                "ipv6_address": "",
                "ipv6_dns_record": [],
                "mac_address": "d0:0d:1c:05:87:ef",
                "nat": true,
                "nat_dns_record": [],
                "nat_ip_address": "178.154.206.139",
                "nat_ip_version": "IPV4",
                "security_group_ids": [
                  "enppiiinok2no90178nt"
                ],
                "subnet_id": "e9b5hij9agq9e7u3fjqj"
              }
            ],
            "placement_policy": [
              {
                "host_affinity_rules": [],
                "placement_group_id": "",
                "placement_group_partition": 0
              }
            ],
            "platform_id": "standard-v2",
            "resources": [
              {
                "core_fraction": 100,
                "cores": 2,
                "gpus": 0,
                "memory": 4
              }
            ],
            "scheduling_policy": [
              {
                "preemptible": false
              }
            ],
            "secondary_disk": [],
            "service_account_id": "",
            "status": "running",
            "timeouts": null,
            "zone": "ru-central1-a"
          },
          "sensitive_attributes": [],
          "identity_schema_version": 0,
          "private": "eyJlMmJmYjczMC1lY2FhLTExZTYtOGY4OC0zNDM2M2JjN2M0YzAiOnsiY3JlYXRlIjozMDAwMDAwMDAwMDAsImRlbGV0ZSI6MzAwMDAwMDAwMDAwLCJ1cGRhdGUiOjMwMDAwMDAwMDAwMH0sInNjaGVtYV92ZXJzaW9uIjoiMSJ9",
          "dependencies": [
            "data.yandex_compute_image.ubuntu",
            "data.yandex_vpc_network.this",
            "data.yandex_vpc_subnet.this",
            "yandex_vpc_security_group.k8s"
          ]
        }
      ]
    },
    {
      "mode": "managed",
      "type": "yandex_lb_network_load_balancer",
      "name": "frontend_nlb",
      "provider": "provider[\"registry.terraform.io/yandex-cloud/yandex\"]",
      "instances": [
        {
          "schema_version": 0,
          "attributes": {
            "allow_zonal_shift": false,
            "attached_target_group": [
              {
                "healthcheck": [
                  {
                    "healthy_threshold": 2,
                    "http_options": [
                      {
                        "path": "/",
                        "port": 30080
                      }
                    ],
                    "interval": 2,
                    "name": "http-frontend",
                    "tcp_options": [],
                    "timeout": 1,
                    "unhealthy_threshold": 2
                  }
                ],
                "target_group_id": "enpofip3viea26s9oqii"
              }
            ],
            "created_at": "2025-12-23T15:42:43Z",
            "deletion_protection": false,
            "description": "",
            "folder_id": "b1gr66gumfmr5ua86ol9",
            "id": "enpcg87gp138t5qb7kde",
            "labels": {},
            "listener": [
              {
                "external_address_spec": [
                  {
                    "address": "158.160.176.25",
                    "ip_version": "ipv4"
                  }
                ],
                "internal_address_spec": [],
                "name": "http-80",
                "port": 80,
                "protocol": "tcp",
                "target_port": 30080
              }
            ],
            "name": "k8s-frontend-nlb",
            "region_id": "ru-central1",
            "timeouts": null,
            "type": "external"
          },
          "sensitive_attributes": [],
          "identity_schema_version": 0,
          "private": "eyJlMmJmYjczMC1lY2FhLTExZTYtOGY4OC0zNDM2M2JjN2M0YzAiOnsiY3JlYXRlIjozMDAwMDAwMDAwMDAsImRlbGV0ZSI6MzAwMDAwMDAwMDAwLCJ1cGRhdGUiOjMwMDAwMDAwMDAwMH19",
          "dependencies": [
            "data.yandex_compute_image.ubuntu",
            "data.yandex_vpc_network.this",
            "data.yandex_vpc_subnet.this",
            "yandex_compute_instance.worker",
            "yandex_lb_target_group.frontend_tg",
            "yandex_vpc_security_group.k8s"
          ]
        }
      ]
    },
    {
      "mode": "managed",
      "type": "yandex_lb_target_group",
      "name": "frontend_tg",
      "provider": "provider[\"registry.terraform.io/yandex-cloud/yandex\"]",
      "instances": [
        {
          "schema_version": 1,
          "attributes": {
            "created_at": "2025-12-23T15:42:42Z",
            "description": "",
            "folder_id": "b1gr66gumfmr5ua86ol9",
            "id": "enpofip3viea26s9oqii",
            "labels": null,
            "name": "k8s-frontend-tg",
            "region_id": "ru-central1",
            "target": [
              {
                "address": "192.168.10.14",
                "subnet_id": "e9b5hij9agq9e7u3fjqj"
              },
              {
                "address": "192.168.10.27",
                "subnet_id": "e9b5hij9agq9e7u3fjqj"
              }
            ],
            "target_group_id": "enpofip3viea26s9oqii",
            "timeouts": null
          },
          "sensitive_attributes": [],
          "identity_schema_version": 0,
          "dependencies": [
            "data.yandex_compute_image.ubuntu",
            "data.yandex_vpc_network.this",
            "data.yandex_vpc_subnet.this",
            "yandex_compute_instance.worker",
            "yandex_vpc_security_group.k8s"
          ]
        }
      ]
    },
    {
      "mode": "managed",
      "type": "yandex_vpc_security_group",
      "name": "k8s",
      "provider": "provider[\"registry.terraform.io/yandex-cloud/yandex\"]",
      "instances": [
        {
          "schema_version": 0,
          "attributes": {
            "created_at": "2025-12-23T15:07:41Z",
            "description": "Access to k8s control plane, nodes, ingress, Vault",
            "egress": [
              {
                "description": "Any outbound TCP",
                "from_port": 1,
                "id": "enp411r416ev8qem5aou",
                "labels": {},
                "port": -1,
                "predefined_target": "",
                "protocol": "TCP",
                "security_group_id": "",
                "to_port": 65535,
                "v4_cidr_blocks": [
                  "0.0.0.0/0"
                ],
                "v6_cidr_blocks": []
              }
            ],
            "folder_id": "b1gr66gumfmr5ua86ol9",
            "id": "enppiiinok2no90178nt",
            "ingress": [
              {
                "description": "HTTP",
                "from_port": -1,
                "id": "enp2i89pl9fig9kt4elm",
                "labels": {},
                "port": 80,
                "predefined_target": "",
                "protocol": "TCP",
                "security_group_id": "",
                "to_port": -1,
                "v4_cidr_blocks": [
                  "0.0.0.0/0"
                ],
                "v6_cidr_blocks": []
              },
              {
                "description": "HTTPS",
                "from_port": -1,
                "id": "enp0uqoob2v50fi8l2an",
                "labels": {},
                "port": 443,
                "predefined_target": "",
                "protocol": "TCP",
                "security_group_id": "",
                "to_port": -1,
                "v4_cidr_blocks": [
                  "0.0.0.0/0"
                ],
                "v6_cidr_blocks": []
              },
              {
                "description": "Kubernetes API",
                "from_port": -1,
                "id": "enplli050q743fip9303",
                "labels": {},
                "port": 6443,
                "predefined_target": "",
                "protocol": "TCP",
                "security_group_id": "",
                "to_port": -1,
                "v4_cidr_blocks": [
                  "0.0.0.0/0"
                ],
                "v6_cidr_blocks": []
              },
              {
                "description": "NodePort range",
                "from_port": 30000,
                "id": "enp52p9ckvj24tu72pvd",
                "labels": {},
                "port": -1,
                "predefined_target": "",
                "protocol": "TCP",
                "security_group_id": "",
                "to_port": 32767,
                "v4_cidr_blocks": [
                  "0.0.0.0/0"
                ],
                "v6_cidr_blocks": []
              },
              {
                "description": "SSH",
                "from_port": -1,
                "id": "enp5uok160ntnsd8b293",
                "labels": {},
                "port": 22,
                "predefined_target": "",
                "protocol": "TCP",
                "security_group_id": "",
                "to_port": -1,
                "v4_cidr_blocks": [
                  "0.0.0.0/0"
                ],
                "v6_cidr_blocks": []
              },
              {
                "description": "Vault UI/API",
                "from_port": -1,
                "id": "enp8c3ptv6u3abviu9kf",
                "labels": {},
                "port": 8200,
                "predefined_target": "",
                "protocol": "TCP",
                "security_group_id": "",
                "to_port": -1,
                "v4_cidr_blocks": [
                  "0.0.0.0/0"
                ],
                "v6_cidr_blocks": []
              },
              {
                "description": "kubelet/metrics",
                "from_port": 10250,
                "id": "enpvb9h3u5b78jcq3l9q",
                "labels": {},
                "port": -1,
                "predefined_target": "",
                "protocol": "TCP",
                "security_group_id": "",
                "to_port": 10255,
                "v4_cidr_blocks": [
                  "0.0.0.0/0"
                ],
                "v6_cidr_blocks": []
              }
            ],
            "labels": {},
            "name": "k8s-sg",
            "network_id": "enprlgcne47bgk34fbdh",
            "status": "ACTIVE",
            "timeouts": null
          },
          "sensitive_attributes": [],
          "identity_schema_version": 0,
          "private": "eyJlMmJmYjczMC1lY2FhLTExZTYtOGY4OC0zNDM2M2JjN2M0YzAiOnsiY3JlYXRlIjoxODAwMDAwMDAwMDAsImRlbGV0ZSI6MTgwMDAwMDAwMDAwLCJ1cGRhdGUiOjE4MDAwMDAwMDAwMH19",
          "dependencies": [
            "data.yandex_vpc_network.this"
          ]
        }
      ]
    }
  ],
  "check_results": null
}
