{
  "version": 4,
  "terraform_version": "1.11.3",
  "serial": 201,
  "lineage": "300145e7-e0f9-5fae-df29-2b48cc1fd98c",
  "outputs": {
    "gfs2_clients_details": {
      "value": [
        {
          "disk_id": "fhm7e6efs0mb7t8gih4i",
          "external_ip": "89.169.152.106",
          "internal_ip": "192.168.10.25",
          "name": "gfs2-client-0"
        },
        {
          "disk_id": "fhmstaihbfi2okshg1nd",
          "external_ip": "89.169.139.99",
          "internal_ip": "192.168.10.31",
          "name": "gfs2-client-1"
        },
        {
          "disk_id": "fhmn63hiqtnahru38o1t",
          "external_ip": "51.250.83.23",
          "internal_ip": "192.168.10.13",
          "name": "gfs2-client-2"
        }
      ],
      "type": [
        "tuple",
        [
          [
            "object",
            {
              "disk_id": "string",
              "external_ip": "string",
              "internal_ip": "string",
              "name": "string"
            }
          ],
          [
            "object",
            {
              "disk_id": "string",
              "external_ip": "string",
              "internal_ip": "string",
              "name": "string"
            }
          ],
          [
            "object",
            {
              "disk_id": "string",
              "external_ip": "string",
              "internal_ip": "string",
              "name": "string"
            }
          ]
        ]
      ]
    },
    "gfs2_clients_external_ips": {
      "value": [
        "89.169.152.106",
        "89.169.139.99",
        "51.250.83.23"
      ],
      "type": [
        "tuple",
        [
          "string",
          "string",
          "string"
        ]
      ]
    },
    "gfs2_clients_internal_ips": {
      "value": [
        "192.168.10.25",
        "192.168.10.31",
        "192.168.10.13"
      ],
      "type": [
        "tuple",
        [
          "string",
          "string",
          "string"
        ]
      ]
    },
    "gfs2_cluster_info": {
      "value": "GFS2 Cluster: 3 nodes (External IPs: 89.169.152.106, 89.169.139.99, 51.250.83.23)",
      "type": "string"
    },
    "gfs2_data_disks_ids": {
      "value": [
        "fhm7e6efs0mb7t8gih4i",
        "fhmstaihbfi2okshg1nd",
        "fhmn63hiqtnahru38o1t"
      ],
      "type": [
        "tuple",
        [
          "string",
          "string",
          "string"
        ]
      ]
    },
    "iscsi_connection_string": {
      "value": "iSCSI Target: 192.168.10.7 (External IP: 89.169.142.182)",
      "type": "string"
    },
    "iscsi_disk_id": {
      "value": "fhmb7g022lfnkrpti7dm",
      "type": "string"
    },
    "iscsi_server_external_ip": {
      "value": "89.169.142.182",
      "type": "string"
    },
    "iscsi_server_internal_ip": {
      "value": "192.168.10.7",
      "type": "string"
    },
    "network_id": {
      "value": "enp1fjlvdq9juva1iov8",
      "type": "string"
    },
    "subnet_id": {
      "value": "e9bt5cjfmec9hfbb371v",
      "type": "string"
    }
  },
  "resources": [
    {
      "mode": "managed",
      "type": "yandex_compute_disk",
      "name": "gfs2_data_disks",
      "provider": "provider[\"registry.terraform.io/yandex-cloud/yandex\"]",
      "instances": [
        {
          "index_key": 0,
          "schema_version": 0,
          "attributes": {
            "allow_recreate": null,
            "block_size": 4096,
            "created_at": "2025-04-02T19:09:31Z",
            "description": "",
            "disk_placement_policy": [
              {
                "disk_placement_group_id": ""
              }
            ],
            "folder_id": "b1gr66gumfmr5ua86ol9",
            "hardware_generation": [
              {
                "generation2_features": [],
                "legacy_features": [
                  {
                    "pci_topology": "PCI_TOPOLOGY_V1"
                  }
                ]
              }
            ],
            "id": "fhm7e6efs0mb7t8gih4i",
            "image_id": "",
            "kms_key_id": null,
            "labels": null,
            "name": "gfs2-data-disk-0",
            "product_ids": [],
            "size": 20,
            "snapshot_id": "",
            "status": "ready",
            "timeouts": null,
            "type": "network-ssd",
            "zone": "ru-central1-a"
          },
          "sensitive_attributes": [],
          "private": "eyJlMmJmYjczMC1lY2FhLTExZTYtOGY4OC0zNDM2M2JjN2M0YzAiOnsiY3JlYXRlIjozMDAwMDAwMDAwMDAsImRlbGV0ZSI6MzAwMDAwMDAwMDAwLCJ1cGRhdGUiOjMwMDAwMDAwMDAwMH19"
        },
        {
          "index_key": 1,
          "schema_version": 0,
          "attributes": {
            "allow_recreate": null,
            "block_size": 4096,
            "created_at": "2025-04-02T19:09:31Z",
            "description": "",
            "disk_placement_policy": [
              {
                "disk_placement_group_id": ""
              }
            ],
            "folder_id": "b1gr66gumfmr5ua86ol9",
            "hardware_generation": [
              {
                "generation2_features": [],
                "legacy_features": [
                  {
                    "pci_topology": "PCI_TOPOLOGY_V1"
                  }
                ]
              }
            ],
            "id": "fhmstaihbfi2okshg1nd",
            "image_id": "",
            "kms_key_id": null,
            "labels": null,
            "name": "gfs2-data-disk-1",
            "product_ids": [],
            "size": 20,
            "snapshot_id": "",
            "status": "ready",
            "timeouts": null,
            "type": "network-ssd",
            "zone": "ru-central1-a"
          },
          "sensitive_attributes": [],
          "private": "eyJlMmJmYjczMC1lY2FhLTExZTYtOGY4OC0zNDM2M2JjN2M0YzAiOnsiY3JlYXRlIjozMDAwMDAwMDAwMDAsImRlbGV0ZSI6MzAwMDAwMDAwMDAwLCJ1cGRhdGUiOjMwMDAwMDAwMDAwMH19"
        },
        {
          "index_key": 2,
          "schema_version": 0,
          "attributes": {
            "allow_recreate": null,
            "block_size": 4096,
            "created_at": "2025-04-02T19:09:31Z",
            "description": "",
            "disk_placement_policy": [
              {
                "disk_placement_group_id": ""
              }
            ],
            "folder_id": "b1gr66gumfmr5ua86ol9",
            "hardware_generation": [
              {
                "generation2_features": [],
                "legacy_features": [
                  {
                    "pci_topology": "PCI_TOPOLOGY_V1"
                  }
                ]
              }
            ],
            "id": "fhmn63hiqtnahru38o1t",
            "image_id": "",
            "kms_key_id": null,
            "labels": null,
            "name": "gfs2-data-disk-2",
            "product_ids": [],
            "size": 20,
            "snapshot_id": "",
            "status": "ready",
            "timeouts": null,
            "type": "network-ssd",
            "zone": "ru-central1-a"
          },
          "sensitive_attributes": [],
          "private": "eyJlMmJmYjczMC1lY2FhLTExZTYtOGY4OC0zNDM2M2JjN2M0YzAiOnsiY3JlYXRlIjozMDAwMDAwMDAwMDAsImRlbGV0ZSI6MzAwMDAwMDAwMDAwLCJ1cGRhdGUiOjMwMDAwMDAwMDAwMH19"
        }
      ]
    },
    {
      "mode": "managed",
      "type": "yandex_compute_disk",
      "name": "iscsi_disk",
      "provider": "provider[\"registry.terraform.io/yandex-cloud/yandex\"]",
      "instances": [
        {
          "schema_version": 0,
          "attributes": {
            "allow_recreate": null,
            "block_size": 4096,
            "created_at": "2025-04-02T19:09:31Z",
            "description": "",
            "disk_placement_policy": [
              {
                "disk_placement_group_id": ""
              }
            ],
            "folder_id": "b1gr66gumfmr5ua86ol9",
            "hardware_generation": [
              {
                "generation2_features": [],
                "legacy_features": [
                  {
                    "pci_topology": "PCI_TOPOLOGY_V1"
                  }
                ]
              }
            ],
            "id": "fhmb7g022lfnkrpti7dm",
            "image_id": "",
            "kms_key_id": null,
            "labels": null,
            "name": "iscsi-disk",
            "product_ids": [],
            "size": 20,
            "snapshot_id": "",
            "status": "ready",
            "timeouts": null,
            "type": "network-ssd",
            "zone": "ru-central1-a"
          },
          "sensitive_attributes": [],
          "private": "eyJlMmJmYjczMC1lY2FhLTExZTYtOGY4OC0zNDM2M2JjN2M0YzAiOnsiY3JlYXRlIjozMDAwMDAwMDAwMDAsImRlbGV0ZSI6MzAwMDAwMDAwMDAwLCJ1cGRhdGUiOjMwMDAwMDAwMDAwMH19"
        }
      ]
    },
    {
      "mode": "managed",
      "type": "yandex_compute_instance",
      "name": "gfs2_clients",
      "provider": "provider[\"registry.terraform.io/yandex-cloud/yandex\"]",
      "instances": [
        {
          "index_key": 0,
          "schema_version": 1,
          "attributes": {
            "allow_recreate": null,
            "allow_stopping_for_update": null,
            "boot_disk": [
              {
                "auto_delete": true,
                "device_name": "fhmmo1h1ncs95gocc19r",
                "disk_id": "fhmmo1h1ncs95gocc19r",
                "initialize_params": [
                  {
                    "block_size": 4096,
                    "description": "",
                    "image_id": "fd8vmcue7aajpmeo39kk",
                    "kms_key_id": "",
                    "name": "",
                    "size": 3,
                    "snapshot_id": "",
                    "type": "network-hdd"
                  }
                ],
                "mode": "READ_WRITE"
              }
            ],
            "created_at": "2025-04-02T19:09:42Z",
            "description": "",
            "filesystem": [],
            "folder_id": "b1gr66gumfmr5ua86ol9",
            "fqdn": "fhm88co1pnfhqje72igt.auto.internal",
            "gpu_cluster_id": "",
            "hardware_generation": [
              {
                "generation2_features": [],
                "legacy_features": [
                  {
                    "pci_topology": "PCI_TOPOLOGY_V1"
                  }
                ]
              }
            ],
            "hostname": "",
            "id": "fhm88co1pnfhqje72igt",
            "labels": null,
            "local_disk": [],
            "maintenance_grace_period": "",
            "maintenance_policy": null,
            "metadata": {
              "user-data": "#cloud-config\nusers:\n  - name: sedunovsv\n    groups: sudo\n    shell: /bin/bash\n    sudo: 'ALL=(ALL) NOPASSWD:ALL'\n    ssh_authorized_keys:\n      - ssh-ed25519 AAAAC3NzaC1lZDI1NTE5AAAAIDSfeZgM7WREDxkOSZBYLjUwOU0rq55wSsVipIr3FWLf sedunovsv\n\n# Установка Nginx\npackage_update: true"
            },
            "metadata_options": [
              {
                "aws_v1_http_endpoint": 1,
                "aws_v1_http_token": 2,
                "gce_http_endpoint": 1,
                "gce_http_token": 1
              }
            ],
            "name": "gfs2-client-0",
            "network_acceleration_type": "standard",
            "network_interface": [
              {
                "dns_record": [],
                "index": 0,
                "ip_address": "192.168.10.25",
                "ipv4": true,
                "ipv6": false,
                "ipv6_address": "",
                "ipv6_dns_record": [],
                "mac_address": "d0:0d:84:33:01:cd",
                "nat": true,
                "nat_dns_record": [],
                "nat_ip_address": "89.169.152.106",
                "nat_ip_version": "IPV4",
                "security_group_ids": [],
                "subnet_id": "e9bt5cjfmec9hfbb371v"
              }
            ],
            "placement_policy": [
              {
                "host_affinity_rules": [],
                "placement_group_id": "",
                "placement_group_partition": 0
              }
            ],
            "platform_id": "standard-v3",
            "resources": [
              {
                "core_fraction": 100,
                "cores": 2,
                "gpus": 0,
                "memory": 4
              }
            ],
            "scheduling_policy": [
              {
                "preemptible": false
              }
            ],
            "secondary_disk": [
              {
                "auto_delete": false,
                "device_name": "fhm7e6efs0mb7t8gih4i",
                "disk_id": "fhm7e6efs0mb7t8gih4i",
                "mode": "READ_WRITE"
              }
            ],
            "service_account_id": "",
            "status": "running",
            "timeouts": null,
            "zone": "ru-central1-a"
          },
          "sensitive_attributes": [],
          "private": "eyJlMmJmYjczMC1lY2FhLTExZTYtOGY4OC0zNDM2M2JjN2M0YzAiOnsiY3JlYXRlIjozMDAwMDAwMDAwMDAsImRlbGV0ZSI6MzAwMDAwMDAwMDAwLCJ1cGRhdGUiOjMwMDAwMDAwMDAwMH0sInNjaGVtYV92ZXJzaW9uIjoiMSJ9",
          "dependencies": [
            "yandex_compute_disk.gfs2_data_disks",
            "yandex_vpc_network.gfs2_net",
            "yandex_vpc_subnet.gfs2_subnet"
          ]
        },
        {
          "index_key": 1,
          "schema_version": 1,
          "attributes": {
            "allow_recreate": null,
            "allow_stopping_for_update": null,
            "boot_disk": [
              {
                "auto_delete": true,
                "device_name": "fhmn1g53g6m8dlamiurk",
                "disk_id": "fhmn1g53g6m8dlamiurk",
                "initialize_params": [
                  {
                    "block_size": 4096,
                    "description": "",
                    "image_id": "fd8vmcue7aajpmeo39kk",
                    "kms_key_id": "",
                    "name": "",
                    "size": 3,
                    "snapshot_id": "",
                    "type": "network-hdd"
                  }
                ],
                "mode": "READ_WRITE"
              }
            ],
            "created_at": "2025-04-02T19:09:42Z",
            "description": "",
            "filesystem": [],
            "folder_id": "b1gr66gumfmr5ua86ol9",
            "fqdn": "fhmv10qco9ttukinnv5i.auto.internal",
            "gpu_cluster_id": "",
            "hardware_generation": [
              {
                "generation2_features": [],
                "legacy_features": [
                  {
                    "pci_topology": "PCI_TOPOLOGY_V1"
                  }
                ]
              }
            ],
            "hostname": "",
            "id": "fhmv10qco9ttukinnv5i",
            "labels": null,
            "local_disk": [],
            "maintenance_grace_period": "",
            "maintenance_policy": null,
            "metadata": {
              "user-data": "#cloud-config\nusers:\n  - name: sedunovsv\n    groups: sudo\n    shell: /bin/bash\n    sudo: 'ALL=(ALL) NOPASSWD:ALL'\n    ssh_authorized_keys:\n      - ssh-ed25519 AAAAC3NzaC1lZDI1NTE5AAAAIDSfeZgM7WREDxkOSZBYLjUwOU0rq55wSsVipIr3FWLf sedunovsv\n\n# Установка Nginx\npackage_update: true"
            },
            "metadata_options": [
              {
                "aws_v1_http_endpoint": 1,
                "aws_v1_http_token": 2,
                "gce_http_endpoint": 1,
                "gce_http_token": 1
              }
            ],
            "name": "gfs2-client-1",
            "network_acceleration_type": "standard",
            "network_interface": [
              {
                "dns_record": [],
                "index": 0,
                "ip_address": "192.168.10.31",
                "ipv4": true,
                "ipv6": false,
                "ipv6_address": "",
                "ipv6_dns_record": [],
                "mac_address": "d0:0d:1f:08:34:cc",
                "nat": true,
                "nat_dns_record": [],
                "nat_ip_address": "89.169.139.99",
                "nat_ip_version": "IPV4",
                "security_group_ids": [],
                "subnet_id": "e9bt5cjfmec9hfbb371v"
              }
            ],
            "placement_policy": [
              {
                "host_affinity_rules": [],
                "placement_group_id": "",
                "placement_group_partition": 0
              }
            ],
            "platform_id": "standard-v3",
            "resources": [
              {
                "core_fraction": 100,
                "cores": 2,
                "gpus": 0,
                "memory": 4
              }
            ],
            "scheduling_policy": [
              {
                "preemptible": false
              }
            ],
            "secondary_disk": [
              {
                "auto_delete": false,
                "device_name": "fhmstaihbfi2okshg1nd",
                "disk_id": "fhmstaihbfi2okshg1nd",
                "mode": "READ_WRITE"
              }
            ],
            "service_account_id": "",
            "status": "running",
            "timeouts": null,
            "zone": "ru-central1-a"
          },
          "sensitive_attributes": [],
          "private": "eyJlMmJmYjczMC1lY2FhLTExZTYtOGY4OC0zNDM2M2JjN2M0YzAiOnsiY3JlYXRlIjozMDAwMDAwMDAwMDAsImRlbGV0ZSI6MzAwMDAwMDAwMDAwLCJ1cGRhdGUiOjMwMDAwMDAwMDAwMH0sInNjaGVtYV92ZXJzaW9uIjoiMSJ9",
          "dependencies": [
            "yandex_compute_disk.gfs2_data_disks",
            "yandex_vpc_network.gfs2_net",
            "yandex_vpc_subnet.gfs2_subnet"
          ]
        },
        {
          "index_key": 2,
          "schema_version": 1,
          "attributes": {
            "allow_recreate": null,
            "allow_stopping_for_update": null,
            "boot_disk": [
              {
                "auto_delete": true,
                "device_name": "fhmvgt9c5n1i5mr69rv8",
                "disk_id": "fhmvgt9c5n1i5mr69rv8",
                "initialize_params": [
                  {
                    "block_size": 4096,
                    "description": "",
                    "image_id": "fd8vmcue7aajpmeo39kk",
                    "kms_key_id": "",
                    "name": "",
                    "size": 3,
                    "snapshot_id": "",
                    "type": "network-hdd"
                  }
                ],
                "mode": "READ_WRITE"
              }
            ],
            "created_at": "2025-04-02T19:09:42Z",
            "description": "",
            "filesystem": [],
            "folder_id": "b1gr66gumfmr5ua86ol9",
            "fqdn": "fhma6i0oaji810q4ae9j.auto.internal",
            "gpu_cluster_id": "",
            "hardware_generation": [
              {
                "generation2_features": [],
                "legacy_features": [
                  {
                    "pci_topology": "PCI_TOPOLOGY_V1"
                  }
                ]
              }
            ],
            "hostname": "",
            "id": "fhma6i0oaji810q4ae9j",
            "labels": null,
            "local_disk": [],
            "maintenance_grace_period": "",
            "maintenance_policy": null,
            "metadata": {
              "user-data": "#cloud-config\nusers:\n  - name: sedunovsv\n    groups: sudo\n    shell: /bin/bash\n    sudo: 'ALL=(ALL) NOPASSWD:ALL'\n    ssh_authorized_keys:\n      - ssh-ed25519 AAAAC3NzaC1lZDI1NTE5AAAAIDSfeZgM7WREDxkOSZBYLjUwOU0rq55wSsVipIr3FWLf sedunovsv\n\n# Установка Nginx\npackage_update: true"
            },
            "metadata_options": [
              {
                "aws_v1_http_endpoint": 1,
                "aws_v1_http_token": 2,
                "gce_http_endpoint": 1,
                "gce_http_token": 1
              }
            ],
            "name": "gfs2-client-2",
            "network_acceleration_type": "standard",
            "network_interface": [
              {
                "dns_record": [],
                "index": 0,
                "ip_address": "192.168.10.13",
                "ipv4": true,
                "ipv6": false,
                "ipv6_address": "",
                "ipv6_dns_record": [],
                "mac_address": "d0:0d:a3:48:18:54",
                "nat": true,
                "nat_dns_record": [],
                "nat_ip_address": "51.250.83.23",
                "nat_ip_version": "IPV4",
                "security_group_ids": [],
                "subnet_id": "e9bt5cjfmec9hfbb371v"
              }
            ],
            "placement_policy": [
              {
                "host_affinity_rules": [],
                "placement_group_id": "",
                "placement_group_partition": 0
              }
            ],
            "platform_id": "standard-v3",
            "resources": [
              {
                "core_fraction": 100,
                "cores": 2,
                "gpus": 0,
                "memory": 4
              }
            ],
            "scheduling_policy": [
              {
                "preemptible": false
              }
            ],
            "secondary_disk": [
              {
                "auto_delete": false,
                "device_name": "fhmn63hiqtnahru38o1t",
                "disk_id": "fhmn63hiqtnahru38o1t",
                "mode": "READ_WRITE"
              }
            ],
            "service_account_id": "",
            "status": "running",
            "timeouts": null,
            "zone": "ru-central1-a"
          },
          "sensitive_attributes": [],
          "private": "eyJlMmJmYjczMC1lY2FhLTExZTYtOGY4OC0zNDM2M2JjN2M0YzAiOnsiY3JlYXRlIjozMDAwMDAwMDAwMDAsImRlbGV0ZSI6MzAwMDAwMDAwMDAwLCJ1cGRhdGUiOjMwMDAwMDAwMDAwMH0sInNjaGVtYV92ZXJzaW9uIjoiMSJ9",
          "dependencies": [
            "yandex_compute_disk.gfs2_data_disks",
            "yandex_vpc_network.gfs2_net",
            "yandex_vpc_subnet.gfs2_subnet"
          ]
        }
      ]
    },
    {
      "mode": "managed",
      "type": "yandex_compute_instance",
      "name": "iscsi_server",
      "provider": "provider[\"registry.terraform.io/yandex-cloud/yandex\"]",
      "instances": [
        {
          "schema_version": 1,
          "attributes": {
            "allow_recreate": null,
            "allow_stopping_for_update": null,
            "boot_disk": [
              {
                "auto_delete": true,
                "device_name": "fhmrf9pirincg44e6l4q",
                "disk_id": "fhmrf9pirincg44e6l4q",
                "initialize_params": [
                  {
                    "block_size": 4096,
                    "description": "",
                    "image_id": "fd8vmcue7aajpmeo39kk",
                    "kms_key_id": "",
                    "name": "",
                    "size": 3,
                    "snapshot_id": "",
                    "type": "network-hdd"
                  }
                ],
                "mode": "READ_WRITE"
              }
            ],
            "created_at": "2025-04-02T19:09:40Z",
            "description": "",
            "filesystem": [],
            "folder_id": "b1gr66gumfmr5ua86ol9",
            "fqdn": "fhmong62ho6oifnd5n92.auto.internal",
            "gpu_cluster_id": "",
            "hardware_generation": [
              {
                "generation2_features": [],
                "legacy_features": [
                  {
                    "pci_topology": "PCI_TOPOLOGY_V1"
                  }
                ]
              }
            ],
            "hostname": "",
            "id": "fhmong62ho6oifnd5n92",
            "labels": null,
            "local_disk": [],
            "maintenance_grace_period": "",
            "maintenance_policy": null,
            "metadata": {
              "user-data": "#cloud-config\nusers:\n  - name: sedunovsv\n    groups: sudo\n    shell: /bin/bash\n    sudo: 'ALL=(ALL) NOPASSWD:ALL'\n    ssh_authorized_keys:\n      - ssh-ed25519 AAAAC3NzaC1lZDI1NTE5AAAAIDSfeZgM7WREDxkOSZBYLjUwOU0rq55wSsVipIr3FWLf sedunovsv\n\n# Установка Nginx\npackage_update: true"
            },
            "metadata_options": [
              {
                "aws_v1_http_endpoint": 1,
                "aws_v1_http_token": 2,
                "gce_http_endpoint": 1,
                "gce_http_token": 1
              }
            ],
            "name": "iscsi-server",
            "network_acceleration_type": "standard",
            "network_interface": [
              {
                "dns_record": [],
                "index": 0,
                "ip_address": "192.168.10.7",
                "ipv4": true,
                "ipv6": false,
                "ipv6_address": "",
                "ipv6_dns_record": [],
                "mac_address": "d0:0d:18:bc:0c:28",
                "nat": true,
                "nat_dns_record": [],
                "nat_ip_address": "89.169.142.182",
                "nat_ip_version": "IPV4",
                "security_group_ids": [],
                "subnet_id": "e9bt5cjfmec9hfbb371v"
              }
            ],
            "placement_policy": [
              {
                "host_affinity_rules": [],
                "placement_group_id": "",
                "placement_group_partition": 0
              }
            ],
            "platform_id": "standard-v3",
            "resources": [
              {
                "core_fraction": 100,
                "cores": 2,
                "gpus": 0,
                "memory": 4
              }
            ],
            "scheduling_policy": [
              {
                "preemptible": false
              }
            ],
            "secondary_disk": [
              {
                "auto_delete": false,
                "device_name": "fhmb7g022lfnkrpti7dm",
                "disk_id": "fhmb7g022lfnkrpti7dm",
                "mode": "READ_WRITE"
              }
            ],
            "service_account_id": "",
            "status": "running",
            "timeouts": null,
            "zone": "ru-central1-a"
          },
          "sensitive_attributes": [],
          "private": "eyJlMmJmYjczMC1lY2FhLTExZTYtOGY4OC0zNDM2M2JjN2M0YzAiOnsiY3JlYXRlIjozMDAwMDAwMDAwMDAsImRlbGV0ZSI6MzAwMDAwMDAwMDAwLCJ1cGRhdGUiOjMwMDAwMDAwMDAwMH0sInNjaGVtYV92ZXJzaW9uIjoiMSJ9",
          "dependencies": [
            "yandex_compute_disk.iscsi_disk",
            "yandex_vpc_network.gfs2_net",
            "yandex_vpc_subnet.gfs2_subnet"
          ]
        }
      ]
    },
    {
      "mode": "managed",
      "type": "yandex_vpc_network",
      "name": "gfs2_net",
      "provider": "provider[\"registry.terraform.io/yandex-cloud/yandex\"]",
      "instances": [
        {
          "schema_version": 0,
          "attributes": {
            "created_at": "2025-04-02T19:09:31Z",
            "default_security_group_id": "enp678971c3u91cnc2ii",
            "description": "",
            "folder_id": "b1gr66gumfmr5ua86ol9",
            "id": "enp1fjlvdq9juva1iov8",
            "labels": {},
            "name": "gfs2-network",
            "subnet_ids": [],
            "timeouts": null
          },
          "sensitive_attributes": [],
          "private": "eyJlMmJmYjczMC1lY2FhLTExZTYtOGY4OC0zNDM2M2JjN2M0YzAiOnsiY3JlYXRlIjo2MDAwMDAwMDAwMCwiZGVsZXRlIjo2MDAwMDAwMDAwMCwidXBkYXRlIjo2MDAwMDAwMDAwMH19"
        }
      ]
    },
    {
      "mode": "managed",
      "type": "yandex_vpc_subnet",
      "name": "gfs2_subnet",
      "provider": "provider[\"registry.terraform.io/yandex-cloud/yandex\"]",
      "instances": [
        {
          "schema_version": 0,
          "attributes": {
            "created_at": "2025-04-02T19:09:33Z",
            "description": "",
            "dhcp_options": [],
            "folder_id": "b1gr66gumfmr5ua86ol9",
            "id": "e9bt5cjfmec9hfbb371v",
            "labels": {},
            "name": "gfs2-subnet",
            "network_id": "enp1fjlvdq9juva1iov8",
            "route_table_id": "",
            "timeouts": null,
            "v4_cidr_blocks": [
              "192.168.10.0/24"
            ],
            "v6_cidr_blocks": [],
            "zone": "ru-central1-a"
          },
          "sensitive_attributes": [],
          "private": "eyJlMmJmYjczMC1lY2FhLTExZTYtOGY4OC0zNDM2M2JjN2M0YzAiOnsiY3JlYXRlIjoxODAwMDAwMDAwMDAsImRlbGV0ZSI6MTgwMDAwMDAwMDAwLCJ1cGRhdGUiOjE4MDAwMDAwMDAwMH19",
          "dependencies": [
            "yandex_vpc_network.gfs2_net"
          ]
        }
      ]
    }
  ],
  "check_results": null
}
